// !$*UTF8*$!
{
	archiveVersion = 1;
	classes = {
	};
	objectVersion = 46;
	objects = {

/* Begin PBXBuildFile section */
		A20AE3A713F59347006FF636 /* UIKit.framework in Frameworks */ = {isa = PBXBuildFile; fileRef = A20AE3A613F59347006FF636 /* UIKit.framework */; };
		A20AE3A913F59347006FF636 /* Foundation.framework in Frameworks */ = {isa = PBXBuildFile; fileRef = A20AE3A813F59347006FF636 /* Foundation.framework */; };
		A20AE3AB13F59347006FF636 /* CoreGraphics.framework in Frameworks */ = {isa = PBXBuildFile; fileRef = A20AE3AA13F59347006FF636 /* CoreGraphics.framework */; };
		A20AE3B113F59347006FF636 /* InfoPlist.strings in Resources */ = {isa = PBXBuildFile; fileRef = A20AE3AF13F59347006FF636 /* InfoPlist.strings */; };
		A20AE3B413F59347006FF636 /* main.m in Sources */ = {isa = PBXBuildFile; fileRef = A20AE3B313F59347006FF636 /* main.m */; };
		A20AE3B713F59347006FF636 /* IntegrationTestAppDelegate.m in Sources */ = {isa = PBXBuildFile; fileRef = A20AE3B613F59347006FF636 /* IntegrationTestAppDelegate.m */; };
		A20AE3BB13F59347006FF636 /* IntegrationTestAppDelegate_iPhone.m in Sources */ = {isa = PBXBuildFile; fileRef = A20AE3BA13F59347006FF636 /* IntegrationTestAppDelegate_iPhone.m */; };
		A20AE3BE13F59347006FF636 /* MainWindow_iPhone.xib in Resources */ = {isa = PBXBuildFile; fileRef = A20AE3BC13F59347006FF636 /* MainWindow_iPhone.xib */; };
		A20AE3C213F59347006FF636 /* IntegrationTestAppDelegate_iPad.m in Sources */ = {isa = PBXBuildFile; fileRef = A20AE3C113F59347006FF636 /* IntegrationTestAppDelegate_iPad.m */; };
		A20AE3C513F59347006FF636 /* MainWindow_iPad.xib in Resources */ = {isa = PBXBuildFile; fileRef = A20AE3C313F59347006FF636 /* MainWindow_iPad.xib */; };
		A20AE3DD13F59430006FF636 /* CFNetwork.framework in Frameworks */ = {isa = PBXBuildFile; fileRef = A20AE3DB13F59430006FF636 /* CFNetwork.framework */; };
		A20AE3DE13F59430006FF636 /* CoreData.framework in Frameworks */ = {isa = PBXBuildFile; fileRef = A20AE3DC13F59430006FF636 /* CoreData.framework */; };
		A20AE3E013F59470006FF636 /* libmobilecloudlib.a in Frameworks */ = {isa = PBXBuildFile; fileRef = A20AE3DF13F59470006FF636 /* libmobilecloudlib.a */; };
		A20AE3FD13F5A617006FF636 /* IntegrationTestViewController.m in Sources */ = {isa = PBXBuildFile; fileRef = A20AE3FB13F5A617006FF636 /* IntegrationTestViewController.m */; };
		A20AE3FE13F5A617006FF636 /* IntegrationTestViewController.xib in Resources */ = {isa = PBXBuildFile; fileRef = A20AE3FC13F5A617006FF636 /* IntegrationTestViewController.xib */; };
		A20AE40113F5CC1C006FF636 /* SyncIntegrationTest.m in Sources */ = {isa = PBXBuildFile; fileRef = A20AE40013F5CC1B006FF636 /* SyncIntegrationTest.m */; };
		A20AE40313F5D120006FF636 /* openmobster-app.xml in Resources */ = {isa = PBXBuildFile; fileRef = A20AE40213F5D120006FF636 /* openmobster-app.xml */; };
		A242EAA515FCF6FF0092AFA4 /* ManualSyncMenuController.xib in Resources */ = {isa = PBXBuildFile; fileRef = A242EA9B15FCF6FF0092AFA4 /* ManualSyncMenuController.xib */; };
		A242EAA615FCF6FF0092AFA4 /* ManualSyncController.xib in Resources */ = {isa = PBXBuildFile; fileRef = A242EA9C15FCF6FF0092AFA4 /* ManualSyncController.xib */; };
		A242EAA715FCF6FF0092AFA4 /* SecurityConfig.xib in Resources */ = {isa = PBXBuildFile; fileRef = A242EA9D15FCF6FF0092AFA4 /* SecurityConfig.xib */; };
		A242EAA815FCF6FF0092AFA4 /* ModalActivateDevice.xib in Resources */ = {isa = PBXBuildFile; fileRef = A242EA9E15FCF6FF0092AFA4 /* ModalActivateDevice.xib */; };
		A242EAA915FCF6FF0092AFA4 /* configuration.xcdatamodel in Sources */ = {isa = PBXBuildFile; fileRef = A242EA9F15FCF6FF0092AFA4 /* configuration.xcdatamodel */; };
		A242EAAA15FCF6FF0092AFA4 /* sync.xcdatamodel in Sources */ = {isa = PBXBuildFile; fileRef = A242EAA015FCF6FF0092AFA4 /* sync.xcdatamodel */; };
		A242EAAB15FCF6FF0092AFA4 /* mobileobject.xcdatamodel in Sources */ = {isa = PBXBuildFile; fileRef = A242EAA115FCF6FF0092AFA4 /* mobileobject.xcdatamodel */; };
		A242EAAC15FCF6FF0092AFA4 /* ActivateDeviceCloudInfo.xib in Resources */ = {isa = PBXBuildFile; fileRef = A242EAA215FCF6FF0092AFA4 /* ActivateDeviceCloudInfo.xib */; };
		A242EAAD15FCF6FF0092AFA4 /* CloudManagerApp.xib in Resources */ = {isa = PBXBuildFile; fileRef = A242EAA315FCF6FF0092AFA4 /* CloudManagerApp.xib */; };
		A242EAAE15FCF6FF0092AFA4 /* ActivityIndicatorView.xib in Resources */ = {isa = PBXBuildFile; fileRef = A242EAA415FCF6FF0092AFA4 /* ActivityIndicatorView.xib */; };
/* End PBXBuildFile section */

/* Begin PBXFileReference section */
		A20AE3A213F59347006FF636 /* IntegrationTest.app */ = {isa = PBXFileReference; explicitFileType = wrapper.application; includeInIndex = 0; path = IntegrationTest.app; sourceTree = BUILT_PRODUCTS_DIR; };
		A20AE3A613F59347006FF636 /* UIKit.framework */ = {isa = PBXFileReference; lastKnownFileType = wrapper.framework; name = UIKit.framework; path = System/Library/Frameworks/UIKit.framework; sourceTree = SDKROOT; };
		A20AE3A813F59347006FF636 /* Foundation.framework */ = {isa = PBXFileReference; lastKnownFileType = wrapper.framework; name = Foundation.framework; path = System/Library/Frameworks/Foundation.framework; sourceTree = SDKROOT; };
		A20AE3AA13F59347006FF636 /* CoreGraphics.framework */ = {isa = PBXFileReference; lastKnownFileType = wrapper.framework; name = CoreGraphics.framework; path = System/Library/Frameworks/CoreGraphics.framework; sourceTree = SDKROOT; };
		A20AE3AE13F59347006FF636 /* IntegrationTest-Info.plist */ = {isa = PBXFileReference; lastKnownFileType = text.plist.xml; path = "IntegrationTest-Info.plist"; sourceTree = "<group>"; };
		A20AE3B013F59347006FF636 /* en */ = {isa = PBXFileReference; lastKnownFileType = text.plist.strings; name = en; path = en.lproj/InfoPlist.strings; sourceTree = "<group>"; };
		A20AE3B213F59347006FF636 /* IntegrationTest-Prefix.pch */ = {isa = PBXFileReference; lastKnownFileType = sourcecode.c.h; path = "IntegrationTest-Prefix.pch"; sourceTree = "<group>"; };
		A20AE3B313F59347006FF636 /* main.m */ = {isa = PBXFileReference; lastKnownFileType = sourcecode.c.objc; path = main.m; sourceTree = "<group>"; };
		A20AE3B513F59347006FF636 /* IntegrationTestAppDelegate.h */ = {isa = PBXFileReference; lastKnownFileType = sourcecode.c.h; path = IntegrationTestAppDelegate.h; sourceTree = "<group>"; };
		A20AE3B613F59347006FF636 /* IntegrationTestAppDelegate.m */ = {isa = PBXFileReference; lastKnownFileType = sourcecode.c.objc; path = IntegrationTestAppDelegate.m; sourceTree = "<group>"; };
		A20AE3B913F59347006FF636 /* IntegrationTestAppDelegate_iPhone.h */ = {isa = PBXFileReference; lastKnownFileType = sourcecode.c.h; name = IntegrationTestAppDelegate_iPhone.h; path = iPhone/IntegrationTestAppDelegate_iPhone.h; sourceTree = "<group>"; };
		A20AE3BA13F59347006FF636 /* IntegrationTestAppDelegate_iPhone.m */ = {isa = PBXFileReference; lastKnownFileType = sourcecode.c.objc; name = IntegrationTestAppDelegate_iPhone.m; path = iPhone/IntegrationTestAppDelegate_iPhone.m; sourceTree = "<group>"; };
		A20AE3BD13F59347006FF636 /* en */ = {isa = PBXFileReference; lastKnownFileType = file.xib; name = en; path = iPhone/en.lproj/MainWindow_iPhone.xib; sourceTree = "<group>"; };
		A20AE3C013F59347006FF636 /* IntegrationTestAppDelegate_iPad.h */ = {isa = PBXFileReference; lastKnownFileType = sourcecode.c.h; name = IntegrationTestAppDelegate_iPad.h; path = iPad/IntegrationTestAppDelegate_iPad.h; sourceTree = "<group>"; };
		A20AE3C113F59347006FF636 /* IntegrationTestAppDelegate_iPad.m */ = {isa = PBXFileReference; lastKnownFileType = sourcecode.c.objc; name = IntegrationTestAppDelegate_iPad.m; path = iPad/IntegrationTestAppDelegate_iPad.m; sourceTree = "<group>"; };
		A20AE3C413F59347006FF636 /* en */ = {isa = PBXFileReference; lastKnownFileType = file.xib; name = en; path = iPad/en.lproj/MainWindow_iPad.xib; sourceTree = "<group>"; };
		A20AE3DB13F59430006FF636 /* CFNetwork.framework */ = {isa = PBXFileReference; lastKnownFileType = wrapper.framework; name = CFNetwork.framework; path = System/Library/Frameworks/CFNetwork.framework; sourceTree = SDKROOT; };
		A20AE3DC13F59430006FF636 /* CoreData.framework */ = {isa = PBXFileReference; lastKnownFileType = wrapper.framework; name = CoreData.framework; path = System/Library/Frameworks/CoreData.framework; sourceTree = SDKROOT; };
		A20AE3DF13F59470006FF636 /* libmobilecloudlib.a */ = {isa = PBXFileReference; lastKnownFileType = archive.ar; name = libmobilecloudlib.a; path = "../mobilecloudlib/build/Debug-iphonesimulator/libmobilecloudlib.a"; sourceTree = "<group>"; };
		A20AE3FA13F5A616006FF636 /* IntegrationTestViewController.h */ = {isa = PBXFileReference; fileEncoding = 4; lastKnownFileType = sourcecode.c.h; path = IntegrationTestViewController.h; sourceTree = "<group>"; };
		A20AE3FB13F5A617006FF636 /* IntegrationTestViewController.m */ = {isa = PBXFileReference; fileEncoding = 4; lastKnownFileType = sourcecode.c.objc; path = IntegrationTestViewController.m; sourceTree = "<group>"; };
		A20AE3FC13F5A617006FF636 /* IntegrationTestViewController.xib */ = {isa = PBXFileReference; fileEncoding = 4; lastKnownFileType = file.xib; path = IntegrationTestViewController.xib; sourceTree = "<group>"; };
		A20AE3FF13F5CC1B006FF636 /* SyncIntegrationTest.h */ = {isa = PBXFileReference; fileEncoding = 4; lastKnownFileType = sourcecode.c.h; path = SyncIntegrationTest.h; sourceTree = "<group>"; };
		A20AE40013F5CC1B006FF636 /* SyncIntegrationTest.m */ = {isa = PBXFileReference; fileEncoding = 4; lastKnownFileType = sourcecode.c.objc; path = SyncIntegrationTest.m; sourceTree = "<group>"; };
		A20AE40213F5D120006FF636 /* openmobster-app.xml */ = {isa = PBXFileReference; fileEncoding = 4; lastKnownFileType = text.xml; name = "openmobster-app.xml"; path = "IntegrationTest/openmobster-app.xml"; sourceTree = "<group>"; };
		A242EA9B15FCF6FF0092AFA4 /* ManualSyncMenuController.xib */ = {isa = PBXFileReference; fileEncoding = 4; lastKnownFileType = file.xib; path = ManualSyncMenuController.xib; sourceTree = "<group>"; };
		A242EA9C15FCF6FF0092AFA4 /* ManualSyncController.xib */ = {isa = PBXFileReference; fileEncoding = 4; lastKnownFileType = file.xib; path = ManualSyncController.xib; sourceTree = "<group>"; };
		A242EA9D15FCF6FF0092AFA4 /* SecurityConfig.xib */ = {isa = PBXFileReference; fileEncoding = 4; lastKnownFileType = file.xib; path = SecurityConfig.xib; sourceTree = "<group>"; };
		A242EA9E15FCF6FF0092AFA4 /* ModalActivateDevice.xib */ = {isa = PBXFileReference; fileEncoding = 4; lastKnownFileType = file.xib; path = ModalActivateDevice.xib; sourceTree = "<group>"; };
		A242EA9F15FCF6FF0092AFA4 /* configuration.xcdatamodel */ = {isa = PBXFileReference; lastKnownFileType = wrapper.xcdatamodel; path = configuration.xcdatamodel; sourceTree = "<group>"; };
		A242EAA015FCF6FF0092AFA4 /* sync.xcdatamodel */ = {isa = PBXFileReference; lastKnownFileType = wrapper.xcdatamodel; path = sync.xcdatamodel; sourceTree = "<group>"; };
		A242EAA115FCF6FF0092AFA4 /* mobileobject.xcdatamodel */ = {isa = PBXFileReference; lastKnownFileType = wrapper.xcdatamodel; path = mobileobject.xcdatamodel; sourceTree = "<group>"; };
		A242EAA215FCF6FF0092AFA4 /* ActivateDeviceCloudInfo.xib */ = {isa = PBXFileReference; fileEncoding = 4; lastKnownFileType = file.xib; path = ActivateDeviceCloudInfo.xib; sourceTree = "<group>"; };
		A242EAA315FCF6FF0092AFA4 /* CloudManagerApp.xib */ = {isa = PBXFileReference; fileEncoding = 4; lastKnownFileType = file.xib; path = CloudManagerApp.xib; sourceTree = "<group>"; };
		A242EAA415FCF6FF0092AFA4 /* ActivityIndicatorView.xib */ = {isa = PBXFileReference; fileEncoding = 4; lastKnownFileType = file.xib; path = ActivityIndicatorView.xib; sourceTree = "<group>"; };
/* End PBXFileReference section */

/* Begin PBXFrameworksBuildPhase section */
		A20AE39F13F59347006FF636 /* Frameworks */ = {
			isa = PBXFrameworksBuildPhase;
			buildActionMask = 2147483647;
			files = (
				A20AE3E013F59470006FF636 /* libmobilecloudlib.a in Frameworks */,
				A20AE3DD13F59430006FF636 /* CFNetwork.framework in Frameworks */,
				A20AE3DE13F59430006FF636 /* CoreData.framework in Frameworks */,
				A20AE3A713F59347006FF636 /* UIKit.framework in Frameworks */,
				A20AE3A913F59347006FF636 /* Foundation.framework in Frameworks */,
				A20AE3AB13F59347006FF636 /* CoreGraphics.framework in Frameworks */,
			);
			runOnlyForDeploymentPostprocessing = 0;
		};
/* End PBXFrameworksBuildPhase section */

/* Begin PBXGroup section */
		A20AE39713F59347006FF636 = {
			isa = PBXGroup;
			children = (
				A242EA9A15FCF6240092AFA4 /* Resources */,
				A20AE3DF13F59470006FF636 /* libmobilecloudlib.a */,
				A20AE3DB13F59430006FF636 /* CFNetwork.framework */,
				A20AE3DC13F59430006FF636 /* CoreData.framework */,
				A20AE3AC13F59347006FF636 /* IntegrationTest */,
				A20AE3A513F59347006FF636 /* Frameworks */,
				A20AE3A313F59347006FF636 /* Products */,
			);
			sourceTree = "<group>";
		};
		A20AE3A313F59347006FF636 /* Products */ = {
			isa = PBXGroup;
			children = (
				A20AE3A213F59347006FF636 /* IntegrationTest.app */,
			);
			name = Products;
			sourceTree = "<group>";
		};
		A20AE3A513F59347006FF636 /* Frameworks */ = {
			isa = PBXGroup;
			children = (
				A20AE3A613F59347006FF636 /* UIKit.framework */,
				A20AE3A813F59347006FF636 /* Foundation.framework */,
				A20AE3AA13F59347006FF636 /* CoreGraphics.framework */,
			);
			name = Frameworks;
			sourceTree = "<group>";
		};
		A20AE3AC13F59347006FF636 /* IntegrationTest */ = {
			isa = PBXGroup;
			children = (
				A20AE3B513F59347006FF636 /* IntegrationTestAppDelegate.h */,
				A20AE3B613F59347006FF636 /* IntegrationTestAppDelegate.m */,
				A20AE3B813F59347006FF636 /* iPhone */,
				A20AE3BF13F59347006FF636 /* iPad */,
				A20AE3AD13F59347006FF636 /* Supporting Files */,
				A20AE3FA13F5A616006FF636 /* IntegrationTestViewController.h */,
				A20AE3FB13F5A617006FF636 /* IntegrationTestViewController.m */,
				A20AE3FC13F5A617006FF636 /* IntegrationTestViewController.xib */,
				A20AE3FF13F5CC1B006FF636 /* SyncIntegrationTest.h */,
				A20AE40013F5CC1B006FF636 /* SyncIntegrationTest.m */,
			);
			path = IntegrationTest;
			sourceTree = "<group>";
		};
		A20AE3AD13F59347006FF636 /* Supporting Files */ = {
			isa = PBXGroup;
			children = (
				A20AE3AE13F59347006FF636 /* IntegrationTest-Info.plist */,
				A20AE3AF13F59347006FF636 /* InfoPlist.strings */,
				A20AE3B213F59347006FF636 /* IntegrationTest-Prefix.pch */,
				A20AE3B313F59347006FF636 /* main.m */,
			);
			name = "Supporting Files";
			sourceTree = "<group>";
		};
		A20AE3B813F59347006FF636 /* iPhone */ = {
			isa = PBXGroup;
			children = (
				A20AE3B913F59347006FF636 /* IntegrationTestAppDelegate_iPhone.h */,
				A20AE3BA13F59347006FF636 /* IntegrationTestAppDelegate_iPhone.m */,
				A20AE3BC13F59347006FF636 /* MainWindow_iPhone.xib */,
			);
			name = iPhone;
			sourceTree = "<group>";
		};
		A20AE3BF13F59347006FF636 /* iPad */ = {
			isa = PBXGroup;
			children = (
				A20AE3C013F59347006FF636 /* IntegrationTestAppDelegate_iPad.h */,
				A20AE3C113F59347006FF636 /* IntegrationTestAppDelegate_iPad.m */,
				A20AE3C313F59347006FF636 /* MainWindow_iPad.xib */,
			);
			name = iPad;
			sourceTree = "<group>";
		};
		A242EA9A15FCF6240092AFA4 /* Resources */ = {
			isa = PBXGroup;
			children = (
				A242EA9B15FCF6FF0092AFA4 /* ManualSyncMenuController.xib */,
				A242EA9C15FCF6FF0092AFA4 /* ManualSyncController.xib */,
				A242EA9D15FCF6FF0092AFA4 /* SecurityConfig.xib */,
				A242EA9E15FCF6FF0092AFA4 /* ModalActivateDevice.xib */,
				A242EA9F15FCF6FF0092AFA4 /* configuration.xcdatamodel */,
				A242EAA015FCF6FF0092AFA4 /* sync.xcdatamodel */,
				A242EAA115FCF6FF0092AFA4 /* mobileobject.xcdatamodel */,
				A242EAA215FCF6FF0092AFA4 /* ActivateDeviceCloudInfo.xib */,
				A242EAA315FCF6FF0092AFA4 /* CloudManagerApp.xib */,
				A242EAA415FCF6FF0092AFA4 /* ActivityIndicatorView.xib */,
				A20AE40213F5D120006FF636 /* openmobster-app.xml */,
			);
			name = Resources;
			sourceTree = "<group>";
		};
/* End PBXGroup section */

/* Begin PBXNativeTarget section */
		A20AE3A113F59347006FF636 /* IntegrationTest */ = {
			isa = PBXNativeTarget;
			buildConfigurationList = A20AE3C813F59347006FF636 /* Build configuration list for PBXNativeTarget "IntegrationTest" */;
			buildPhases = (
				A20AE39E13F59347006FF636 /* Sources */,
				A20AE39F13F59347006FF636 /* Frameworks */,
				A20AE3A013F59347006FF636 /* Resources */,
			);
			buildRules = (
			);
			dependencies = (
			);
			name = IntegrationTest;
			productName = IntegrationTest;
			productReference = A20AE3A213F59347006FF636 /* IntegrationTest.app */;
			productType = "com.apple.product-type.application";
		};
/* End PBXNativeTarget section */

/* Begin PBXProject section */
		A20AE39913F59347006FF636 /* Project object */ = {
			isa = PBXProject;
			buildConfigurationList = A20AE39C13F59347006FF636 /* Build configuration list for PBXProject "IntegrationTest" */;
			compatibilityVersion = "Xcode 3.2";
			developmentRegion = English;
			hasScannedForEncodings = 0;
			knownRegions = (
				en,
			);
			mainGroup = A20AE39713F59347006FF636;
			productRefGroup = A20AE3A313F59347006FF636 /* Products */;
			projectDirPath = "";
			projectRoot = "";
			targets = (
				A20AE3A113F59347006FF636 /* IntegrationTest */,
			);
		};
/* End PBXProject section */

/* Begin PBXResourcesBuildPhase section */
		A20AE3A013F59347006FF636 /* Resources */ = {
			isa = PBXResourcesBuildPhase;
			buildActionMask = 2147483647;
			files = (
				A20AE3B113F59347006FF636 /* InfoPlist.strings in Resources */,
				A20AE3BE13F59347006FF636 /* MainWindow_iPhone.xib in Resources */,
				A20AE3C513F59347006FF636 /* MainWindow_iPad.xib in Resources */,
				A20AE3FE13F5A617006FF636 /* IntegrationTestViewController.xib in Resources */,
				A20AE40313F5D120006FF636 /* openmobster-app.xml in Resources */,
				A242EAA515FCF6FF0092AFA4 /* ManualSyncMenuController.xib in Resources */,
				A242EAA615FCF6FF0092AFA4 /* ManualSyncController.xib in Resources */,
				A242EAA715FCF6FF0092AFA4 /* SecurityConfig.xib in Resources */,
				A242EAA815FCF6FF0092AFA4 /* ModalActivateDevice.xib in Resources */,
				A242EAAC15FCF6FF0092AFA4 /* ActivateDeviceCloudInfo.xib in Resources */,
				A242EAAD15FCF6FF0092AFA4 /* CloudManagerApp.xib in Resources */,
				A242EAAE15FCF6FF0092AFA4 /* ActivityIndicatorView.xib in Resources */,
			);
			runOnlyForDeploymentPostprocessing = 0;
		};
/* End PBXResourcesBuildPhase section */

/* Begin PBXSourcesBuildPhase section */
		A20AE39E13F59347006FF636 /* Sources */ = {
			isa = PBXSourcesBuildPhase;
			buildActionMask = 2147483647;
			files = (
				A20AE3B413F59347006FF636 /* main.m in Sources */,
				A20AE3B713F59347006FF636 /* IntegrationTestAppDelegate.m in Sources */,
				A20AE3BB13F59347006FF636 /* IntegrationTestAppDelegate_iPhone.m in Sources */,
				A20AE3C213F59347006FF636 /* IntegrationTestAppDelegate_iPad.m in Sources */,
				A20AE3FD13F5A617006FF636 /* IntegrationTestViewController.m in Sources */,
				A20AE40113F5CC1C006FF636 /* SyncIntegrationTest.m in Sources */,
				A242EAA915FCF6FF0092AFA4 /* configuration.xcdatamodel in Sources */,
				A242EAAA15FCF6FF0092AFA4 /* sync.xcdatamodel in Sources */,
				A242EAAB15FCF6FF0092AFA4 /* mobileobject.xcdatamodel in Sources */,
			);
			runOnlyForDeploymentPostprocessing = 0;
		};
/* End PBXSourcesBuildPhase section */

/* Begin PBXVariantGroup section */
		A20AE3AF13F59347006FF636 /* InfoPlist.strings */ = {
			isa = PBXVariantGroup;
			children = (
				A20AE3B013F59347006FF636 /* en */,
			);
			name = InfoPlist.strings;
			sourceTree = "<group>";
		};
		A20AE3BC13F59347006FF636 /* MainWindow_iPhone.xib */ = {
			isa = PBXVariantGroup;
			children = (
				A20AE3BD13F59347006FF636 /* en */,
			);
			name = MainWindow_iPhone.xib;
			sourceTree = "<group>";
		};
		A20AE3C313F59347006FF636 /* MainWindow_iPad.xib */ = {
			isa = PBXVariantGroup;
			children = (
				A20AE3C413F59347006FF636 /* en */,
			);
			name = MainWindow_iPad.xib;
			sourceTree = "<group>";
		};
/* End PBXVariantGroup section */

/* Begin XCBuildConfiguration section */
		A20AE3C613F59347006FF636 /* Debug */ = {
			isa = XCBuildConfiguration;
			buildSettings = {
				ARCHS = "$(ARCHS_STANDARD_32_BIT)";
				"CODE_SIGN_IDENTITY[sdk=iphoneos*]" = "iPhone Developer";
				GCC_C_LANGUAGE_STANDARD = gnu99;
				GCC_OPTIMIZATION_LEVEL = 0;
				GCC_PREPROCESSOR_DEFINITIONS = DEBUG;
				GCC_SYMBOLS_PRIVATE_EXTERN = NO;
				GCC_VERSION = com.apple.compilers.llvmgcc42;
				GCC_WARN_ABOUT_RETURN_TYPE = YES;
				GCC_WARN_UNUSED_VARIABLE = YES;
				IPHONEOS_DEPLOYMENT_TARGET = 4.3;
				SDKROOT = iphoneos;
				TARGETED_DEVICE_FAMILY = "1,2";
				USER_HEADER_SEARCH_PATHS = "/Users/openmobster/projects/openmobster/googlecode/src/trunk/iphone/**";
			};
			name = Debug;
		};
		A20AE3C713F59347006FF636 /* Release */ = {
			isa = XCBuildConfiguration;
			buildSettings = {
				ARCHS = "$(ARCHS_STANDARD_32_BIT)";
				"CODE_SIGN_IDENTITY[sdk=iphoneos*]" = "iPhone Developer";
				GCC_C_LANGUAGE_STANDARD = gnu99;
				GCC_VERSION = com.apple.compilers.llvmgcc42;
				GCC_WARN_ABOUT_RETURN_TYPE = YES;
				GCC_WARN_UNUSED_VARIABLE = YES;
				IPHONEOS_DEPLOYMENT_TARGET = 4.3;
				OTHER_CFLAGS = "-DNS_BLOCK_ASSERTIONS=1";
				SDKROOT = iphoneos;
				TARGETED_DEVICE_FAMILY = "1,2";
				USER_HEADER_SEARCH_PATHS = "/Users/openmobster/projects/openmobster/googlecode/src/trunk/iphone/**";
			};
			name = Release;
		};
		A20AE3C913F59347006FF636 /* Debug */ = {
			isa = XCBuildConfiguration;
			buildSettings = {
				ALWAYS_SEARCH_USER_PATHS = NO;
				COPY_PHASE_STRIP = NO;
				GCC_DYNAMIC_NO_PIC = NO;
				GCC_PRECOMPILE_PREFIX_HEADER = YES;
				GCC_PREFIX_HEADER = "IntegrationTest/IntegrationTest-Prefix.pch";
				HEADER_SEARCH_PATHS = "\"$(SRCROOT)/../mobilecloudlib\"/**";
				INFOPLIST_FILE = "IntegrationTest/IntegrationTest-Info.plist";
				IPHONEOS_DEPLOYMENT_TARGET = 5.0;
				LIBRARY_SEARCH_PATHS = (
					"$(inherited)",
					"\"$(SRCROOT)/../mobilecloudlib/build/Debug-iphonesimulator\"",
				);
				PRODUCT_NAME = "$(TARGET_NAME)";
				USER_HEADER_SEARCH_PATHS = "";
				WRAPPER_EXTENSION = app;
			};
			name = Debug;
		};
		A20AE3CA13F59347006FF636 /* Release */ = {
			isa = XCBuildConfiguration;
			buildSettings = {
				ALWAYS_SEARCH_USER_PATHS = NO;
				COPY_PHASE_STRIP = YES;
				GCC_PRECOMPILE_PREFIX_HEADER = YES;
				GCC_PREFIX_HEADER = "IntegrationTest/IntegrationTest-Prefix.pch";
				HEADER_SEARCH_PATHS = "\"$(SRCROOT)/../mobilecloudlib\"/**";
				INFOPLIST_FILE = "IntegrationTest/IntegrationTest-Info.plist";
				IPHONEOS_DEPLOYMENT_TARGET = 5.0;
				LIBRARY_SEARCH_PATHS = (
					"$(inherited)",
					"\"$(SRCROOT)/../mobilecloudlib/build/Debug-iphonesimulator\"",
				);
				PRODUCT_NAME = "$(TARGET_NAME)";
				USER_HEADER_SEARCH_PATHS = "";
				VALIDATE_PRODUCT = YES;
				WRAPPER_EXTENSION = app;
			};
			name = Release;
		};
/* End XCBuildConfiguration section */

/* Begin XCConfigurationList section */
		A20AE39C13F59347006FF636 /* Build configuration list for PBXProject "IntegrationTest" */ = {
			isa = XCConfigurationList;
			buildConfigurations = (
				A20AE3C613F59347006FF636 /* Debug */,
				A20AE3C713F59347006FF636 /* Release */,
			);
			defaultConfigurationIsVisible = 0;
			defaultConfigurationName = Release;
		};
		A20AE3C813F59347006FF636 /* Build configuration list for PBXNativeTarget "IntegrationTest" */ = {
			isa = XCConfigurationList;
			buildConfigurations = (
				A20AE3C913F59347006FF636 /* Debug */,
				A20AE3CA13F59347006FF636 /* Release */,
			);
			defaultConfigurationIsVisible = 0;
			defaultConfigurationName = Release;
		};
/* End XCConfigurationList section */
	};
	rootObject = A20AE39913F59347006FF636 /* Project object */;
}
