// !$*UTF8*$!
{
	archiveVersion = 1;
	classes = {
	};
	objectVersion = 45;
	objects = {

/* Begin PBXAggregateTarget section */
		24416B8111C4CA220047AFDD /* Build & Test */ = {
			isa = PBXAggregateTarget;
			buildConfigurationList = 24416B8A11C4CA520047AFDD /* Build configuration list for PBXAggregateTarget "Build & Test" */;
			buildPhases = (
				24416B8011C4CA220047AFDD /* ShellScript */,
			);
			dependencies = (
				24416B8511C4CA280047AFDD /* PBXTargetDependency */,
			);
			name = "Build & Test";
			productName = "Build & test";
		};
/* End PBXAggregateTarget section */

/* Begin PBXBuildFile section */
		24DD6CF91134B3F500162E58 /* OrgOpenmobsterCloudModule.h in Headers */ = {isa = PBXBuildFile; fileRef = 24DD6CF71134B3F500162E58 /* OrgOpenmobsterCloudModule.h */; };
		24DD6CFA1134B3F500162E58 /* OrgOpenmobsterCloudModule.m in Sources */ = {isa = PBXBuildFile; fileRef = 24DD6CF81134B3F500162E58 /* OrgOpenmobsterCloudModule.m */; };
		24DE9E1111C5FE74003F90F6 /* OrgOpenmobsterCloudModuleAssets.h in Headers */ = {isa = PBXBuildFile; fileRef = 24DE9E0F11C5FE74003F90F6 /* OrgOpenmobsterCloudModuleAssets.h */; };
		24DE9E1211C5FE74003F90F6 /* OrgOpenmobsterCloudModuleAssets.m in Sources */ = {isa = PBXBuildFile; fileRef = 24DE9E1011C5FE74003F90F6 /* OrgOpenmobsterCloudModuleAssets.m */; };
		A263E55A138DA33F000145FA /* CFNetwork.framework in Frameworks */ = {isa = PBXBuildFile; fileRef = A263E559138DA33F000145FA /* CFNetwork.framework */; };
		A263E55C138DA33F000145FA /* CoreData.framework in Frameworks */ = {isa = PBXBuildFile; fileRef = A263E55B138DA33F000145FA /* CoreData.framework */; };
		A263E55E138DA362000145FA /* libmobilecloudlib.a in Frameworks */ = {isa = PBXBuildFile; fileRef = A263E55D138DA362000145FA /* libmobilecloudlib.a */; };
		A263E9861392B9A0000145FA /* SyncProxy.h in Headers */ = {isa = PBXBuildFile; fileRef = A263E9841392B9A0000145FA /* SyncProxy.h */; };
		A263E9871392B9A0000145FA /* SyncProxy.m in Sources */ = {isa = PBXBuildFile; fileRef = A263E9851392B9A0000145FA /* SyncProxy.m */; };
		A263EA051393F3F4000145FA /* JSON.h in Headers */ = {isa = PBXBuildFile; fileRef = A263E9FA1393F3F4000145FA /* JSON.h */; };
		A263EA061393F3F4000145FA /* NSObject+SBJSON.h in Headers */ = {isa = PBXBuildFile; fileRef = A263E9FB1393F3F4000145FA /* NSObject+SBJSON.h */; };
		A263EA071393F3F4000145FA /* NSObject+SBJSON.m in Sources */ = {isa = PBXBuildFile; fileRef = A263E9FC1393F3F4000145FA /* NSObject+SBJSON.m */; };
		A263EA081393F3F4000145FA /* NSString+SBJSON.h in Headers */ = {isa = PBXBuildFile; fileRef = A263E9FD1393F3F4000145FA /* NSString+SBJSON.h */; };
		A263EA091393F3F4000145FA /* NSString+SBJSON.m in Sources */ = {isa = PBXBuildFile; fileRef = A263E9FE1393F3F4000145FA /* NSString+SBJSON.m */; };
		A263EA0A1393F3F4000145FA /* SBJsonBase.h in Headers */ = {isa = PBXBuildFile; fileRef = A263E9FF1393F3F4000145FA /* SBJsonBase.h */; };
		A263EA0B1393F3F4000145FA /* SBJsonBase.m in Sources */ = {isa = PBXBuildFile; fileRef = A263EA001393F3F4000145FA /* SBJsonBase.m */; };
		A263EA0C1393F3F4000145FA /* SBJsonParser.h in Headers */ = {isa = PBXBuildFile; fileRef = A263EA011393F3F4000145FA /* SBJsonParser.h */; };
		A263EA0D1393F3F4000145FA /* SBJsonParser.m in Sources */ = {isa = PBXBuildFile; fileRef = A263EA021393F3F4000145FA /* SBJsonParser.m */; };
		A263EA0E1393F3F4000145FA /* SBJsonWriter.h in Headers */ = {isa = PBXBuildFile; fileRef = A263EA031393F3F4000145FA /* SBJsonWriter.h */; };
		A263EA0F1393F3F4000145FA /* SBJsonWriter.m in Sources */ = {isa = PBXBuildFile; fileRef = A263EA041393F3F4000145FA /* SBJsonWriter.m */; };
		A263ECB91395844E000145FA /* TitaniumKernel.h in Headers */ = {isa = PBXBuildFile; fileRef = A263ECB71395844E000145FA /* TitaniumKernel.h */; };
		A263ECBA1395844E000145FA /* TitaniumKernel.m in Sources */ = {isa = PBXBuildFile; fileRef = A263ECB81395844E000145FA /* TitaniumKernel.m */; };
		AA747D9F0F9514B9006C5449 /* OrgOpenmobsterCloud_Prefix.pch in Headers */ = {isa = PBXBuildFile; fileRef = AA747D9E0F9514B9006C5449 /* OrgOpenmobsterCloud_Prefix.pch */; };
		AACBBE4A0F95108600F1A2B1 /* Foundation.framework in Frameworks */ = {isa = PBXBuildFile; fileRef = AACBBE490F95108600F1A2B1 /* Foundation.framework */; };
/* End PBXBuildFile section */

/* Begin PBXContainerItemProxy section */
		24416B8411C4CA280047AFDD /* PBXContainerItemProxy */ = {
			isa = PBXContainerItemProxy;
			containerPortal = 0867D690FE84028FC02AAC07 /* Project object */;
			proxyType = 1;
			remoteGlobalIDString = D2AAC07D0554694100DB518D;
			remoteInfo = titanium_module_iphone;
		};
/* End PBXContainerItemProxy section */

/* Begin PBXFileReference section */
		24DD6CF71134B3F500162E58 /* OrgOpenmobsterCloudModule.h */ = {isa = PBXFileReference; fileEncoding = 4; lastKnownFileType = sourcecode.c.h; name = OrgOpenmobsterCloudModule.h; path = Classes/OrgOpenmobsterCloudModule.h; sourceTree = "<group>"; };
		24DD6CF81134B3F500162E58 /* OrgOpenmobsterCloudModule.m */ = {isa = PBXFileReference; fileEncoding = 4; lastKnownFileType = sourcecode.c.objc; name = OrgOpenmobsterCloudModule.m; path = Classes/OrgOpenmobsterCloudModule.m; sourceTree = "<group>"; };
		24DD6D1B1134B66800162E58 /* titanium.xcconfig */ = {isa = PBXFileReference; fileEncoding = 4; lastKnownFileType = text.xcconfig; path = titanium.xcconfig; sourceTree = "<group>"; };
		24DE9E0F11C5FE74003F90F6 /* OrgOpenmobsterCloudModuleAssets.h */ = {isa = PBXFileReference; fileEncoding = 4; lastKnownFileType = sourcecode.c.h; name = OrgOpenmobsterCloudModuleAssets.h; path = Classes/OrgOpenmobsterCloudModuleAssets.h; sourceTree = "<group>"; };
		24DE9E1011C5FE74003F90F6 /* OrgOpenmobsterCloudModuleAssets.m */ = {isa = PBXFileReference; fileEncoding = 4; lastKnownFileType = sourcecode.c.objc; name = OrgOpenmobsterCloudModuleAssets.m; path = Classes/OrgOpenmobsterCloudModuleAssets.m; sourceTree = "<group>"; };
		A263E559138DA33F000145FA /* CFNetwork.framework */ = {isa = PBXFileReference; lastKnownFileType = wrapper.framework; name = CFNetwork.framework; path = System/Library/Frameworks/CFNetwork.framework; sourceTree = SDKROOT; };
		A263E55B138DA33F000145FA /* CoreData.framework */ = {isa = PBXFileReference; lastKnownFileType = wrapper.framework; name = CoreData.framework; path = System/Library/Frameworks/CoreData.framework; sourceTree = SDKROOT; };
		A263E55D138DA362000145FA /* libmobilecloudlib.a */ = {isa = PBXFileReference; lastKnownFileType = archive.ar; name = libmobilecloudlib.a; path = "../iphone/mobilecloudlib/build/Debug-iphonesimulator/libmobilecloudlib.a"; sourceTree = SOURCE_ROOT; };
		A263E9841392B9A0000145FA /* SyncProxy.h */ = {isa = PBXFileReference; fileEncoding = 4; lastKnownFileType = sourcecode.c.h; path = SyncProxy.h; sourceTree = "<group>"; };
		A263E9851392B9A0000145FA /* SyncProxy.m */ = {isa = PBXFileReference; fileEncoding = 4; lastKnownFileType = sourcecode.c.objc; path = SyncProxy.m; sourceTree = "<group>"; };
		A263E9FA1393F3F4000145FA /* JSON.h */ = {isa = PBXFileReference; fileEncoding = 4; lastKnownFileType = sourcecode.c.h; path = JSON.h; sourceTree = "<group>"; };
		A263E9FB1393F3F4000145FA /* NSObject+SBJSON.h */ = {isa = PBXFileReference; fileEncoding = 4; lastKnownFileType = sourcecode.c.h; path = "NSObject+SBJSON.h"; sourceTree = "<group>"; };
		A263E9FC1393F3F4000145FA /* NSObject+SBJSON.m */ = {isa = PBXFileReference; fileEncoding = 4; lastKnownFileType = sourcecode.c.objc; path = "NSObject+SBJSON.m"; sourceTree = "<group>"; };
		A263E9FD1393F3F4000145FA /* NSString+SBJSON.h */ = {isa = PBXFileReference; fileEncoding = 4; lastKnownFileType = sourcecode.c.h; path = "NSString+SBJSON.h"; sourceTree = "<group>"; };
		A263E9FE1393F3F4000145FA /* NSString+SBJSON.m */ = {isa = PBXFileReference; fileEncoding = 4; lastKnownFileType = sourcecode.c.objc; path = "NSString+SBJSON.m"; sourceTree = "<group>"; };
		A263E9FF1393F3F4000145FA /* SBJsonBase.h */ = {isa = PBXFileReference; fileEncoding = 4; lastKnownFileType = sourcecode.c.h; path = SBJsonBase.h; sourceTree = "<group>"; };
		A263EA001393F3F4000145FA /* SBJsonBase.m */ = {isa = PBXFileReference; fileEncoding = 4; lastKnownFileType = sourcecode.c.objc; path = SBJsonBase.m; sourceTree = "<group>"; };
		A263EA011393F3F4000145FA /* SBJsonParser.h */ = {isa = PBXFileReference; fileEncoding = 4; lastKnownFileType = sourcecode.c.h; path = SBJsonParser.h; sourceTree = "<group>"; };
		A263EA021393F3F4000145FA /* SBJsonParser.m */ = {isa = PBXFileReference; fileEncoding = 4; lastKnownFileType = sourcecode.c.objc; path = SBJsonParser.m; sourceTree = "<group>"; };
		A263EA031393F3F4000145FA /* SBJsonWriter.h */ = {isa = PBXFileReference; fileEncoding = 4; lastKnownFileType = sourcecode.c.h; path = SBJsonWriter.h; sourceTree = "<group>"; };
		A263EA041393F3F4000145FA /* SBJsonWriter.m */ = {isa = PBXFileReference; fileEncoding = 4; lastKnownFileType = sourcecode.c.objc; path = SBJsonWriter.m; sourceTree = "<group>"; };
		A263ECB71395844E000145FA /* TitaniumKernel.h */ = {isa = PBXFileReference; fileEncoding = 4; lastKnownFileType = sourcecode.c.h; path = TitaniumKernel.h; sourceTree = "<group>"; };
		A263ECB81395844E000145FA /* TitaniumKernel.m */ = {isa = PBXFileReference; fileEncoding = 4; lastKnownFileType = sourcecode.c.objc; path = TitaniumKernel.m; sourceTree = "<group>"; };
		AA747D9E0F9514B9006C5449 /* OrgOpenmobsterCloud_Prefix.pch */ = {isa = PBXFileReference; fileEncoding = 4; lastKnownFileType = sourcecode.c.h; path = OrgOpenmobsterCloud_Prefix.pch; sourceTree = SOURCE_ROOT; };
		AACBBE490F95108600F1A2B1 /* Foundation.framework */ = {isa = PBXFileReference; lastKnownFileType = wrapper.framework; name = Foundation.framework; path = System/Library/Frameworks/Foundation.framework; sourceTree = SDKROOT; };
		D2AAC07E0554694100DB518D /* libOrgOpenmobsterCloud.a */ = {isa = PBXFileReference; explicitFileType = archive.ar; includeInIndex = 0; path = libOrgOpenmobsterCloud.a; sourceTree = BUILT_PRODUCTS_DIR; };
/* End PBXFileReference section */

/* Begin PBXFrameworksBuildPhase section */
		D2AAC07C0554694100DB518D /* Frameworks */ = {
			isa = PBXFrameworksBuildPhase;
			buildActionMask = 2147483647;
			files = (
				AACBBE4A0F95108600F1A2B1 /* Foundation.framework in Frameworks */,
				A263E55A138DA33F000145FA /* CFNetwork.framework in Frameworks */,
				A263E55C138DA33F000145FA /* CoreData.framework in Frameworks */,
				A263E55E138DA362000145FA /* libmobilecloudlib.a in Frameworks */,
			);
			runOnlyForDeploymentPostprocessing = 0;
		};
/* End PBXFrameworksBuildPhase section */

/* Begin PBXGroup section */
		034768DFFF38A50411DB9C8B /* Products */ = {
			isa = PBXGroup;
			children = (
				D2AAC07E0554694100DB518D /* libOrgOpenmobsterCloud.a */,
			);
			name = Products;
			sourceTree = "<group>";
		};
		0867D691FE84028FC02AAC07 /* titanium_module_iphone */ = {
			isa = PBXGroup;
			children = (
				A263E9F91393F3CE000145FA /* JSON */,
				08FB77AEFE84172EC02AAC07 /* Classes */,
				32C88DFF0371C24200C91783 /* Other Sources */,
				0867D69AFE84028FC02AAC07 /* Frameworks */,
				034768DFFF38A50411DB9C8B /* Products */,
			);
			name = titanium_module_iphone;
			sourceTree = "<group>";
		};
		0867D69AFE84028FC02AAC07 /* Frameworks */ = {
			isa = PBXGroup;
			children = (
				A263E55D138DA362000145FA /* libmobilecloudlib.a */,
				AACBBE490F95108600F1A2B1 /* Foundation.framework */,
				A263E559138DA33F000145FA /* CFNetwork.framework */,
				A263E55B138DA33F000145FA /* CoreData.framework */,
			);
			name = Frameworks;
			sourceTree = "<group>";
		};
		08FB77AEFE84172EC02AAC07 /* Classes */ = {
			isa = PBXGroup;
			children = (
				24DE9E0F11C5FE74003F90F6 /* OrgOpenmobsterCloudModuleAssets.h */,
				24DE9E1011C5FE74003F90F6 /* OrgOpenmobsterCloudModuleAssets.m */,
				24DD6CF71134B3F500162E58 /* OrgOpenmobsterCloudModule.h */,
				24DD6CF81134B3F500162E58 /* OrgOpenmobsterCloudModule.m */,
				A263E9841392B9A0000145FA /* SyncProxy.h */,
				A263E9851392B9A0000145FA /* SyncProxy.m */,
				A263ECB71395844E000145FA /* TitaniumKernel.h */,
				A263ECB81395844E000145FA /* TitaniumKernel.m */,
			);
			name = Classes;
			sourceTree = "<group>";
		};
		32C88DFF0371C24200C91783 /* Other Sources */ = {
			isa = PBXGroup;
			children = (
				AA747D9E0F9514B9006C5449 /* OrgOpenmobsterCloud_Prefix.pch */,
				24DD6D1B1134B66800162E58 /* titanium.xcconfig */,
			);
			name = "Other Sources";
			sourceTree = "<group>";
		};
		A263E9F91393F3CE000145FA /* JSON */ = {
			isa = PBXGroup;
			children = (
				A263E9FA1393F3F4000145FA /* JSON.h */,
				A263E9FB1393F3F4000145FA /* NSObject+SBJSON.h */,
				A263E9FC1393F3F4000145FA /* NSObject+SBJSON.m */,
				A263E9FD1393F3F4000145FA /* NSString+SBJSON.h */,
				A263E9FE1393F3F4000145FA /* NSString+SBJSON.m */,
				A263E9FF1393F3F4000145FA /* SBJsonBase.h */,
				A263EA001393F3F4000145FA /* SBJsonBase.m */,
				A263EA011393F3F4000145FA /* SBJsonParser.h */,
				A263EA021393F3F4000145FA /* SBJsonParser.m */,
				A263EA031393F3F4000145FA /* SBJsonWriter.h */,
				A263EA041393F3F4000145FA /* SBJsonWriter.m */,
			);
			name = JSON;
			sourceTree = "<group>";
		};
/* End PBXGroup section */

/* Begin PBXHeadersBuildPhase section */
		D2AAC07A0554694100DB518D /* Headers */ = {
			isa = PBXHeadersBuildPhase;
			buildActionMask = 2147483647;
			files = (
				AA747D9F0F9514B9006C5449 /* OrgOpenmobsterCloud_Prefix.pch in Headers */,
				24DD6CF91134B3F500162E58 /* OrgOpenmobsterCloudModule.h in Headers */,
				24DE9E1111C5FE74003F90F6 /* OrgOpenmobsterCloudModuleAssets.h in Headers */,
				A263E9861392B9A0000145FA /* SyncProxy.h in Headers */,
				A263EA051393F3F4000145FA /* JSON.h in Headers */,
				A263EA061393F3F4000145FA /* NSObject+SBJSON.h in Headers */,
				A263EA081393F3F4000145FA /* NSString+SBJSON.h in Headers */,
				A263EA0A1393F3F4000145FA /* SBJsonBase.h in Headers */,
				A263EA0C1393F3F4000145FA /* SBJsonParser.h in Headers */,
				A263EA0E1393F3F4000145FA /* SBJsonWriter.h in Headers */,
				A263ECB91395844E000145FA /* TitaniumKernel.h in Headers */,
			);
			runOnlyForDeploymentPostprocessing = 0;
		};
/* End PBXHeadersBuildPhase section */

/* Begin PBXNativeTarget section */
		D2AAC07D0554694100DB518D /* titanium_module_iphone */ = {
			isa = PBXNativeTarget;
			buildConfigurationList = 1DEB921E08733DC00010E9CD /* Build configuration list for PBXNativeTarget "titanium_module_iphone" */;
			buildPhases = (
				D2AAC07A0554694100DB518D /* Headers */,
				D2AAC07B0554694100DB518D /* Sources */,
				D2AAC07C0554694100DB518D /* Frameworks */,
			);
			buildRules = (
			);
			dependencies = (
			);
			name = titanium_module_iphone;
			productName = titanium_module_iphone;
			productReference = D2AAC07E0554694100DB518D /* libOrgOpenmobsterCloud.a */;
			productType = "com.apple.product-type.library.static";
		};
/* End PBXNativeTarget section */

/* Begin PBXProject section */
		0867D690FE84028FC02AAC07 /* Project object */ = {
			isa = PBXProject;
			buildConfigurationList = 1DEB922208733DC00010E9CD /* Build configuration list for PBXProject "titanium_module_iphone" */;
			compatibilityVersion = "Xcode 3.1";
			developmentRegion = English;
			hasScannedForEncodings = 1;
			knownRegions = (
				English,
				Japanese,
				French,
				German,
			);
			mainGroup = 0867D691FE84028FC02AAC07 /* titanium_module_iphone */;
			productRefGroup = 034768DFFF38A50411DB9C8B /* Products */;
			projectDirPath = "";
			projectRoot = "";
			targets = (
				D2AAC07D0554694100DB518D /* titanium_module_iphone */,
				24416B8111C4CA220047AFDD /* Build & Test */,
			);
		};
/* End PBXProject section */

/* Begin PBXShellScriptBuildPhase section */
		24416B8011C4CA220047AFDD /* ShellScript */ = {
			isa = PBXShellScriptBuildPhase;
			buildActionMask = 2147483647;
			files = (
			);
			inputPaths = (
			);
			outputPaths = (
			);
			runOnlyForDeploymentPostprocessing = 0;
			shellPath = /bin/sh;
			shellScript = "# shell script goes here\n\npython \"${TITANIUM_SDK}/titanium.py\" run --dir=\"${PROJECT_DIR}\"\nexit $?\n";
		};
/* End PBXShellScriptBuildPhase section */

/* Begin PBXSourcesBuildPhase section */
		D2AAC07B0554694100DB518D /* Sources */ = {
			isa = PBXSourcesBuildPhase;
			buildActionMask = 2147483647;
			files = (
				24DD6CFA1134B3F500162E58 /* OrgOpenmobsterCloudModule.m in Sources */,
				24DE9E1211C5FE74003F90F6 /* OrgOpenmobsterCloudModuleAssets.m in Sources */,
				A263E9871392B9A0000145FA /* SyncProxy.m in Sources */,
				A263EA071393F3F4000145FA /* NSObject+SBJSON.m in Sources */,
				A263EA091393F3F4000145FA /* NSString+SBJSON.m in Sources */,
				A263EA0B1393F3F4000145FA /* SBJsonBase.m in Sources */,
				A263EA0D1393F3F4000145FA /* SBJsonParser.m in Sources */,
				A263EA0F1393F3F4000145FA /* SBJsonWriter.m in Sources */,
				A263ECBA1395844E000145FA /* TitaniumKernel.m in Sources */,
			);
			runOnlyForDeploymentPostprocessing = 0;
		};
/* End PBXSourcesBuildPhase section */

/* Begin PBXTargetDependency section */
		24416B8511C4CA280047AFDD /* PBXTargetDependency */ = {
			isa = PBXTargetDependency;
			target = D2AAC07D0554694100DB518D /* titanium_module_iphone */;
			targetProxy = 24416B8411C4CA280047AFDD /* PBXContainerItemProxy */;
		};
/* End PBXTargetDependency section */

/* Begin XCBuildConfiguration section */
		1DEB921F08733DC00010E9CD /* Debug */ = {
			isa = XCBuildConfiguration;
			baseConfigurationReference = 24DD6D1B1134B66800162E58 /* titanium.xcconfig */;
			buildSettings = {
				ALWAYS_SEARCH_USER_PATHS = NO;
				ARCHS = "$(ARCHS_STANDARD_32_BIT)";
				COPY_PHASE_STRIP = NO;
				DSTROOT = /tmp/OrgOpenmobsterCloud.dst;
				GCC_DYNAMIC_NO_PIC = NO;
				GCC_ENABLE_FIX_AND_CONTINUE = YES;
				GCC_MODEL_TUNING = G5;
				GCC_OPTIMIZATION_LEVEL = 0;
				GCC_PRECOMPILE_PREFIX_HEADER = YES;
				GCC_PREFIX_HEADER = OrgOpenmobsterCloud_Prefix.pch;
				INSTALL_PATH = /usr/local/lib;
				LIBRARY_SEARCH_PATHS = (
					"$(inherited)",
					"\"$(SRCROOT)/../iphone/mobilecloudlib/build/Debug-iphonesimulator\"",
					"\"$(SRCROOT)/../../../../private/src/2.2/iphone/CoreDataSandbox/build/Debug-iphonesimulator\"",
				);
				PRODUCT_NAME = OrgOpenmobsterCloud;
			};
			name = Debug;
		};
		1DEB922008733DC00010E9CD /* Release */ = {
			isa = XCBuildConfiguration;
			baseConfigurationReference = 24DD6D1B1134B66800162E58 /* titanium.xcconfig */;
			buildSettings = {
				ALWAYS_SEARCH_USER_PATHS = NO;
				ARCHS = "$(ARCHS_STANDARD_32_BIT)";
				DSTROOT = /tmp/OrgOpenmobsterCloud.dst;
				GCC_MODEL_TUNING = G5;
				GCC_PRECOMPILE_PREFIX_HEADER = YES;
				GCC_PREFIX_HEADER = OrgOpenmobsterCloud_Prefix.pch;
				INSTALL_PATH = /usr/local/lib;
				LIBRARY_SEARCH_PATHS = (
					"$(inherited)",
					"\"$(SRCROOT)/../iphone/mobilecloudlib/build/Debug-iphonesimulator\"",
					"\"$(SRCROOT)/../../../../private/src/2.2/iphone/CoreDataSandbox/build/Debug-iphonesimulator\"",
				);
				PRODUCT_NAME = OrgOpenmobsterCloud;
			};
			name = Release;
		};
		1DEB922308733DC00010E9CD /* Debug */ = {
			isa = XCBuildConfiguration;
			baseConfigurationReference = 24DD6D1B1134B66800162E58 /* titanium.xcconfig */;
			buildSettings = {
				ARCHS = "$(ARCHS_STANDARD_32_BIT)";
				GCC_C_LANGUAGE_STANDARD = c99;
				GCC_OPTIMIZATION_LEVEL = 0;
				GCC_WARN_ABOUT_RETURN_TYPE = YES;
				GCC_WARN_UNUSED_VARIABLE = YES;
				OTHER_LDFLAGS = "";
				PREBINDING = NO;
				SDKROOT = iphoneos4.2;
			};
			name = Debug;
		};
		1DEB922408733DC00010E9CD /* Release */ = {
			isa = XCBuildConfiguration;
			baseConfigurationReference = 24DD6D1B1134B66800162E58 /* titanium.xcconfig */;
			buildSettings = {
				ARCHS = "$(ARCHS_STANDARD_32_BIT)";
				GCC_C_LANGUAGE_STANDARD = c99;
				GCC_WARN_ABOUT_RETURN_TYPE = YES;
				GCC_WARN_UNUSED_VARIABLE = YES;
				OTHER_LDFLAGS = "";
				PREBINDING = NO;
				SDKROOT = iphoneos4.0;
			};
			name = Release;
		};
		24416B8211C4CA220047AFDD /* Debug */ = {
			isa = XCBuildConfiguration;
			baseConfigurationReference = 24DD6D1B1134B66800162E58 /* titanium.xcconfig */;
			buildSettings = {
				COPY_PHASE_STRIP = NO;
				GCC_DYNAMIC_NO_PIC = NO;
				GCC_OPTIMIZATION_LEVEL = 0;
				PRODUCT_NAME = "Build & test";
			};
			name = Debug;
		};
		24416B8311C4CA220047AFDD /* Release */ = {
			isa = XCBuildConfiguration;
			baseConfigurationReference = 24DD6D1B1134B66800162E58 /* titanium.xcconfig */;
			buildSettings = {
				COPY_PHASE_STRIP = YES;
				DEBUG_INFORMATION_FORMAT = "dwarf-with-dsym";
				GCC_ENABLE_FIX_AND_CONTINUE = NO;
				PRODUCT_NAME = "Build & test";
				ZERO_LINK = NO;
			};
			name = Release;
		};
/* End XCBuildConfiguration section */

/* Begin XCConfigurationList section */
		1DEB921E08733DC00010E9CD /* Build configuration list for PBXNativeTarget "titanium_module_iphone" */ = {
			isa = XCConfigurationList;
			buildConfigurations = (
				1DEB921F08733DC00010E9CD /* Debug */,
				1DEB922008733DC00010E9CD /* Release */,
			);
			defaultConfigurationIsVisible = 0;
			defaultConfigurationName = Release;
		};
		1DEB922208733DC00010E9CD /* Build configuration list for PBXProject "titanium_module_iphone" */ = {
			isa = XCConfigurationList;
			buildConfigurations = (
				1DEB922308733DC00010E9CD /* Debug */,
				1DEB922408733DC00010E9CD /* Release */,
			);
			defaultConfigurationIsVisible = 0;
			defaultConfigurationName = Release;
		};
		24416B8A11C4CA520047AFDD /* Build configuration list for PBXAggregateTarget "Build & Test" */ = {
			isa = XCConfigurationList;
			buildConfigurations = (
				24416B8211C4CA220047AFDD /* Debug */,
				24416B8311C4CA220047AFDD /* Release */,
			);
			defaultConfigurationIsVisible = 0;
			defaultConfigurationName = Release;
		};
/* End XCConfigurationList section */
	};
	rootObject = 0867D690FE84028FC02AAC07 /* Project object */;
}
