// !$*UTF8*$!
{
	archiveVersion = 1;
	classes = {
	};
	objectVersion = 46;
	objects = {

/* Begin PBXBuildFile section */
		A242EA5B15FAAAAF0092AFA4 /* ManualSyncMenuController.xib in Resources */ = {isa = PBXBuildFile; fileRef = A242EA5115FAAAAD0092AFA4 /* ManualSyncMenuController.xib */; };
		A242EA5C15FAAAAF0092AFA4 /* ManualSyncController.xib in Resources */ = {isa = PBXBuildFile; fileRef = A242EA5215FAAAAD0092AFA4 /* ManualSyncController.xib */; };
		A242EA5D15FAAAAF0092AFA4 /* SecurityConfig.xib in Resources */ = {isa = PBXBuildFile; fileRef = A242EA5315FAAAAD0092AFA4 /* SecurityConfig.xib */; };
		A242EA5E15FAAAAF0092AFA4 /* ModalActivateDevice.xib in Resources */ = {isa = PBXBuildFile; fileRef = A242EA5415FAAAAD0092AFA4 /* ModalActivateDevice.xib */; };
		A242EA5F15FAAAAF0092AFA4 /* configuration.xcdatamodel in Sources */ = {isa = PBXBuildFile; fileRef = A242EA5515FAAAAD0092AFA4 /* configuration.xcdatamodel */; };
		A242EA6015FAAAAF0092AFA4 /* sync.xcdatamodel in Sources */ = {isa = PBXBuildFile; fileRef = A242EA5615FAAAAE0092AFA4 /* sync.xcdatamodel */; };
		A242EA6115FAAAAF0092AFA4 /* mobileobject.xcdatamodel in Sources */ = {isa = PBXBuildFile; fileRef = A242EA5715FAAAAE0092AFA4 /* mobileobject.xcdatamodel */; };
		A242EA6215FAAAAF0092AFA4 /* ActivateDeviceCloudInfo.xib in Resources */ = {isa = PBXBuildFile; fileRef = A242EA5815FAAAAE0092AFA4 /* ActivateDeviceCloudInfo.xib */; };
		A242EA6315FAAAAF0092AFA4 /* CloudManagerApp.xib in Resources */ = {isa = PBXBuildFile; fileRef = A242EA5915FAAAAE0092AFA4 /* CloudManagerApp.xib */; };
		A242EA6415FAAAAF0092AFA4 /* ActivityIndicatorView.xib in Resources */ = {isa = PBXBuildFile; fileRef = A242EA5A15FAAAAE0092AFA4 /* ActivityIndicatorView.xib */; };
		A28DE3231523C0D500B86701 /* Foundation.framework in Frameworks */ = {isa = PBXBuildFile; fileRef = A28DE3221523C0D500B86701 /* Foundation.framework */; };
		A28DE3251523C0D500B86701 /* UIKit.framework in Frameworks */ = {isa = PBXBuildFile; fileRef = A28DE3241523C0D500B86701 /* UIKit.framework */; };
		A28DE3271523C0D500B86701 /* CoreGraphics.framework in Frameworks */ = {isa = PBXBuildFile; fileRef = A28DE3261523C0D500B86701 /* CoreGraphics.framework */; };
		A28DE3291523C0D500B86701 /* AddressBook.framework in Frameworks */ = {isa = PBXBuildFile; fileRef = A28DE3281523C0D500B86701 /* AddressBook.framework */; };
		A28DE32B1523C0D500B86701 /* AddressBookUI.framework in Frameworks */ = {isa = PBXBuildFile; fileRef = A28DE32A1523C0D500B86701 /* AddressBookUI.framework */; };
		A28DE32D1523C0D500B86701 /* AudioToolbox.framework in Frameworks */ = {isa = PBXBuildFile; fileRef = A28DE32C1523C0D500B86701 /* AudioToolbox.framework */; };
		A28DE32F1523C0D500B86701 /* AVFoundation.framework in Frameworks */ = {isa = PBXBuildFile; fileRef = A28DE32E1523C0D500B86701 /* AVFoundation.framework */; };
		A28DE3311523C0D500B86701 /* CoreLocation.framework in Frameworks */ = {isa = PBXBuildFile; fileRef = A28DE3301523C0D500B86701 /* CoreLocation.framework */; };
		A28DE3331523C0D500B86701 /* MediaPlayer.framework in Frameworks */ = {isa = PBXBuildFile; fileRef = A28DE3321523C0D500B86701 /* MediaPlayer.framework */; };
		A28DE3351523C0D500B86701 /* QuartzCore.framework in Frameworks */ = {isa = PBXBuildFile; fileRef = A28DE3341523C0D500B86701 /* QuartzCore.framework */; };
		A28DE3371523C0D500B86701 /* SystemConfiguration.framework in Frameworks */ = {isa = PBXBuildFile; fileRef = A28DE3361523C0D500B86701 /* SystemConfiguration.framework */; };
		A28DE3391523C0D500B86701 /* MobileCoreServices.framework in Frameworks */ = {isa = PBXBuildFile; fileRef = A28DE3381523C0D500B86701 /* MobileCoreServices.framework */; };
		A28DE33B1523C0D500B86701 /* CoreMedia.framework in Frameworks */ = {isa = PBXBuildFile; fileRef = A28DE33A1523C0D500B86701 /* CoreMedia.framework */; };
		A28DE3411523C0D500B86701 /* InfoPlist.strings in Resources */ = {isa = PBXBuildFile; fileRef = A28DE33F1523C0D500B86701 /* InfoPlist.strings */; };
		A28DE3431523C0D500B86701 /* main.m in Sources */ = {isa = PBXBuildFile; fileRef = A28DE3421523C0D500B86701 /* main.m */; };
		A28DE3461523C0D500B86701 /* Cordova.framework in Frameworks */ = {isa = PBXBuildFile; fileRef = A28DE3451523C0D500B86701 /* Cordova.framework */; };
		A28DE34B1523C0D500B86701 /* Localizable.strings in Resources */ = {isa = PBXBuildFile; fileRef = A28DE3491523C0D500B86701 /* Localizable.strings */; };
		A28DE34F1523C0D500B86701 /* Localizable.strings in Resources */ = {isa = PBXBuildFile; fileRef = A28DE34D1523C0D500B86701 /* Localizable.strings */; };
		A28DE3531523C0D500B86701 /* Localizable.strings in Resources */ = {isa = PBXBuildFile; fileRef = A28DE3511523C0D500B86701 /* Localizable.strings */; };
		A28DE3571523C0D500B86701 /* Localizable.strings in Resources */ = {isa = PBXBuildFile; fileRef = A28DE3551523C0D500B86701 /* Localizable.strings */; };
		A28DE35A1523C0D500B86701 /* icon.png in Resources */ = {isa = PBXBuildFile; fileRef = A28DE3591523C0D500B86701 /* icon.png */; };
		A28DE35C1523C0D500B86701 /* icon@2x.png in Resources */ = {isa = PBXBuildFile; fileRef = A28DE35B1523C0D500B86701 /* icon@2x.png */; };
		A28DE35E1523C0D500B86701 /* icon-72.png in Resources */ = {isa = PBXBuildFile; fileRef = A28DE35D1523C0D500B86701 /* icon-72.png */; };
		A28DE3611523C0D500B86701 /* Default.png in Resources */ = {isa = PBXBuildFile; fileRef = A28DE3601523C0D500B86701 /* Default.png */; };
		A28DE3631523C0D500B86701 /* Default@2x.png in Resources */ = {isa = PBXBuildFile; fileRef = A28DE3621523C0D500B86701 /* Default@2x.png */; };
		A28DE3651523C0D600B86701 /* Capture.bundle in Resources */ = {isa = PBXBuildFile; fileRef = A28DE3641523C0D600B86701 /* Capture.bundle */; };
		A28DE3671523C0D600B86701 /* Cordova.plist in Resources */ = {isa = PBXBuildFile; fileRef = A28DE3661523C0D600B86701 /* Cordova.plist */; };
		A28DE36B1523C0D600B86701 /* AppDelegate.m in Sources */ = {isa = PBXBuildFile; fileRef = A28DE36A1523C0D600B86701 /* AppDelegate.m */; };
		A28DE36E1523C0D600B86701 /* MainViewController.m in Sources */ = {isa = PBXBuildFile; fileRef = A28DE36D1523C0D600B86701 /* MainViewController.m */; };
		A28DE3701523C0D600B86701 /* MainViewController.xib in Resources */ = {isa = PBXBuildFile; fileRef = A28DE36F1523C0D600B86701 /* MainViewController.xib */; };
		A28DE3741523C0D600B86701 /* verify.sh in Resources */ = {isa = PBXBuildFile; fileRef = A28DE3731523C0D600B86701 /* verify.sh */; };
		A28DE37B1523C2B400B86701 /* www in Resources */ = {isa = PBXBuildFile; fileRef = A28DE37A1523C2B400B86701 /* www */; };
		A28DE37E1523C70900B86701 /* SyncPlugin.m in Sources */ = {isa = PBXBuildFile; fileRef = A28DE37D1523C70900B86701 /* SyncPlugin.m */; };
		A28DE387152510AF00B86701 /* CFNetwork.framework in Frameworks */ = {isa = PBXBuildFile; fileRef = A28DE386152510AF00B86701 /* CFNetwork.framework */; };
		A28DE389152510C800B86701 /* CoreData.framework in Frameworks */ = {isa = PBXBuildFile; fileRef = A28DE388152510C800B86701 /* CoreData.framework */; };
		A28DE38B1525112200B86701 /* libmobilecloudlib.a in Frameworks */ = {isa = PBXBuildFile; fileRef = A28DE38A1525112200B86701 /* libmobilecloudlib.a */; };
		A28DE3A0152516AC00B86701 /* openmobster-app.xml in Resources */ = {isa = PBXBuildFile; fileRef = A28DE39F152516AC00B86701 /* openmobster-app.xml */; };
		A28DE3AC1526057E00B86701 /* NSObject+SBJSON.m in Sources */ = {isa = PBXBuildFile; fileRef = A28DE3A31526057E00B86701 /* NSObject+SBJSON.m */; };
		A28DE3AD1526057E00B86701 /* NSString+SBJSON.m in Sources */ = {isa = PBXBuildFile; fileRef = A28DE3A51526057E00B86701 /* NSString+SBJSON.m */; };
		A28DE3AE1526057E00B86701 /* SBJsonBase.m in Sources */ = {isa = PBXBuildFile; fileRef = A28DE3A71526057E00B86701 /* SBJsonBase.m */; };
		A28DE3AF1526057E00B86701 /* SBJsonParser.m in Sources */ = {isa = PBXBuildFile; fileRef = A28DE3A91526057E00B86701 /* SBJsonParser.m */; };
		A28DE3B01526057E00B86701 /* SBJsonWriter.m in Sources */ = {isa = PBXBuildFile; fileRef = A28DE3AB1526057E00B86701 /* SBJsonWriter.m */; };
/* End PBXBuildFile section */

/* Begin PBXFileReference section */
		A242EA5115FAAAAD0092AFA4 /* ManualSyncMenuController.xib */ = {isa = PBXFileReference; fileEncoding = 4; lastKnownFileType = file.xib; path = ManualSyncMenuController.xib; sourceTree = "<group>"; };
		A242EA5215FAAAAD0092AFA4 /* ManualSyncController.xib */ = {isa = PBXFileReference; fileEncoding = 4; lastKnownFileType = file.xib; path = ManualSyncController.xib; sourceTree = "<group>"; };
		A242EA5315FAAAAD0092AFA4 /* SecurityConfig.xib */ = {isa = PBXFileReference; fileEncoding = 4; lastKnownFileType = file.xib; path = SecurityConfig.xib; sourceTree = "<group>"; };
		A242EA5415FAAAAD0092AFA4 /* ModalActivateDevice.xib */ = {isa = PBXFileReference; fileEncoding = 4; lastKnownFileType = file.xib; path = ModalActivateDevice.xib; sourceTree = "<group>"; };
		A242EA5515FAAAAD0092AFA4 /* configuration.xcdatamodel */ = {isa = PBXFileReference; lastKnownFileType = wrapper.xcdatamodel; path = configuration.xcdatamodel; sourceTree = "<group>"; };
		A242EA5615FAAAAE0092AFA4 /* sync.xcdatamodel */ = {isa = PBXFileReference; lastKnownFileType = wrapper.xcdatamodel; path = sync.xcdatamodel; sourceTree = "<group>"; };
		A242EA5715FAAAAE0092AFA4 /* mobileobject.xcdatamodel */ = {isa = PBXFileReference; lastKnownFileType = wrapper.xcdatamodel; path = mobileobject.xcdatamodel; sourceTree = "<group>"; };
		A242EA5815FAAAAE0092AFA4 /* ActivateDeviceCloudInfo.xib */ = {isa = PBXFileReference; fileEncoding = 4; lastKnownFileType = file.xib; path = ActivateDeviceCloudInfo.xib; sourceTree = "<group>"; };
		A242EA5915FAAAAE0092AFA4 /* CloudManagerApp.xib */ = {isa = PBXFileReference; fileEncoding = 4; lastKnownFileType = file.xib; path = CloudManagerApp.xib; sourceTree = "<group>"; };
		A242EA5A15FAAAAE0092AFA4 /* ActivityIndicatorView.xib */ = {isa = PBXFileReference; fileEncoding = 4; lastKnownFileType = file.xib; path = ActivityIndicatorView.xib; sourceTree = "<group>"; };
		A28DE31E1523C0D500B86701 /* PhoneGapSyncPlugin.app */ = {isa = PBXFileReference; explicitFileType = wrapper.application; includeInIndex = 0; path = PhoneGapSyncPlugin.app; sourceTree = BUILT_PRODUCTS_DIR; };
		A28DE3221523C0D500B86701 /* Foundation.framework */ = {isa = PBXFileReference; lastKnownFileType = wrapper.framework; name = Foundation.framework; path = System/Library/Frameworks/Foundation.framework; sourceTree = SDKROOT; };
		A28DE3241523C0D500B86701 /* UIKit.framework */ = {isa = PBXFileReference; lastKnownFileType = wrapper.framework; name = UIKit.framework; path = System/Library/Frameworks/UIKit.framework; sourceTree = SDKROOT; };
		A28DE3261523C0D500B86701 /* CoreGraphics.framework */ = {isa = PBXFileReference; lastKnownFileType = wrapper.framework; name = CoreGraphics.framework; path = System/Library/Frameworks/CoreGraphics.framework; sourceTree = SDKROOT; };
		A28DE3281523C0D500B86701 /* AddressBook.framework */ = {isa = PBXFileReference; lastKnownFileType = wrapper.framework; name = AddressBook.framework; path = System/Library/Frameworks/AddressBook.framework; sourceTree = SDKROOT; };
		A28DE32A1523C0D500B86701 /* AddressBookUI.framework */ = {isa = PBXFileReference; lastKnownFileType = wrapper.framework; name = AddressBookUI.framework; path = System/Library/Frameworks/AddressBookUI.framework; sourceTree = SDKROOT; };
		A28DE32C1523C0D500B86701 /* AudioToolbox.framework */ = {isa = PBXFileReference; lastKnownFileType = wrapper.framework; name = AudioToolbox.framework; path = System/Library/Frameworks/AudioToolbox.framework; sourceTree = SDKROOT; };
		A28DE32E1523C0D500B86701 /* AVFoundation.framework */ = {isa = PBXFileReference; lastKnownFileType = wrapper.framework; name = AVFoundation.framework; path = System/Library/Frameworks/AVFoundation.framework; sourceTree = SDKROOT; };
		A28DE3301523C0D500B86701 /* CoreLocation.framework */ = {isa = PBXFileReference; lastKnownFileType = wrapper.framework; name = CoreLocation.framework; path = System/Library/Frameworks/CoreLocation.framework; sourceTree = SDKROOT; };
		A28DE3321523C0D500B86701 /* MediaPlayer.framework */ = {isa = PBXFileReference; lastKnownFileType = wrapper.framework; name = MediaPlayer.framework; path = System/Library/Frameworks/MediaPlayer.framework; sourceTree = SDKROOT; };
		A28DE3341523C0D500B86701 /* QuartzCore.framework */ = {isa = PBXFileReference; lastKnownFileType = wrapper.framework; name = QuartzCore.framework; path = System/Library/Frameworks/QuartzCore.framework; sourceTree = SDKROOT; };
		A28DE3361523C0D500B86701 /* SystemConfiguration.framework */ = {isa = PBXFileReference; lastKnownFileType = wrapper.framework; name = SystemConfiguration.framework; path = System/Library/Frameworks/SystemConfiguration.framework; sourceTree = SDKROOT; };
		A28DE3381523C0D500B86701 /* MobileCoreServices.framework */ = {isa = PBXFileReference; lastKnownFileType = wrapper.framework; name = MobileCoreServices.framework; path = System/Library/Frameworks/MobileCoreServices.framework; sourceTree = SDKROOT; };
		A28DE33A1523C0D500B86701 /* CoreMedia.framework */ = {isa = PBXFileReference; lastKnownFileType = wrapper.framework; name = CoreMedia.framework; path = System/Library/Frameworks/CoreMedia.framework; sourceTree = SDKROOT; };
		A28DE33E1523C0D500B86701 /* PhoneGapSyncPlugin-Info.plist */ = {isa = PBXFileReference; lastKnownFileType = text.plist.xml; path = "PhoneGapSyncPlugin-Info.plist"; sourceTree = "<group>"; };
		A28DE3401523C0D500B86701 /* en */ = {isa = PBXFileReference; lastKnownFileType = text.plist.strings; name = en; path = en.lproj/InfoPlist.strings; sourceTree = "<group>"; };
		A28DE3421523C0D500B86701 /* main.m */ = {isa = PBXFileReference; lastKnownFileType = sourcecode.c.objc; path = main.m; sourceTree = "<group>"; };
		A28DE3441523C0D500B86701 /* PhoneGapSyncPlugin-Prefix.pch */ = {isa = PBXFileReference; lastKnownFileType = sourcecode.c.h; path = "PhoneGapSyncPlugin-Prefix.pch"; sourceTree = "<group>"; };
		A28DE3451523C0D500B86701 /* Cordova.framework */ = {isa = PBXFileReference; lastKnownFileType = wrapper.framework; name = Cordova.framework; path = /Users/Shared/Cordova/Frameworks/Cordova.framework; sourceTree = "<absolute>"; };
		A28DE34A1523C0D500B86701 /* en */ = {isa = PBXFileReference; lastKnownFileType = text.plist.strings; name = en; path = Resources/en.lproj/Localizable.strings; sourceTree = "<group>"; };
		A28DE34E1523C0D500B86701 /* es */ = {isa = PBXFileReference; lastKnownFileType = text.plist.strings; name = es; path = Resources/es.lproj/Localizable.strings; sourceTree = "<group>"; };
		A28DE3521523C0D500B86701 /* de */ = {isa = PBXFileReference; lastKnownFileType = text.plist.strings; name = de; path = Resources/de.lproj/Localizable.strings; sourceTree = "<group>"; };
		A28DE3561523C0D500B86701 /* se */ = {isa = PBXFileReference; lastKnownFileType = text.plist.strings; name = se; path = Resources/se.lproj/Localizable.strings; sourceTree = "<group>"; };
		A28DE3591523C0D500B86701 /* icon.png */ = {isa = PBXFileReference; lastKnownFileType = image.png; name = icon.png; path = Resources/icons/icon.png; sourceTree = "<group>"; };
		A28DE35B1523C0D500B86701 /* icon@2x.png */ = {isa = PBXFileReference; lastKnownFileType = image.png; name = "icon@2x.png"; path = "Resources/icons/icon@2x.png"; sourceTree = "<group>"; };
		A28DE35D1523C0D500B86701 /* icon-72.png */ = {isa = PBXFileReference; lastKnownFileType = image.png; name = "icon-72.png"; path = "Resources/icons/icon-72.png"; sourceTree = "<group>"; };
		A28DE3601523C0D500B86701 /* Default.png */ = {isa = PBXFileReference; lastKnownFileType = image.png; name = Default.png; path = Resources/splash/Default.png; sourceTree = "<group>"; };
		A28DE3621523C0D500B86701 /* Default@2x.png */ = {isa = PBXFileReference; lastKnownFileType = image.png; name = "Default@2x.png"; path = "Resources/splash/Default@2x.png"; sourceTree = "<group>"; };
		A28DE3641523C0D600B86701 /* Capture.bundle */ = {isa = PBXFileReference; lastKnownFileType = "wrapper.plug-in"; name = Capture.bundle; path = Resources/Capture.bundle; sourceTree = "<group>"; };
		A28DE3661523C0D600B86701 /* Cordova.plist */ = {isa = PBXFileReference; lastKnownFileType = text.plist.xml; path = Cordova.plist; sourceTree = "<group>"; };
		A28DE3691523C0D600B86701 /* AppDelegate.h */ = {isa = PBXFileReference; lastKnownFileType = sourcecode.c.h; name = AppDelegate.h; path = Classes/AppDelegate.h; sourceTree = "<group>"; };
		A28DE36A1523C0D600B86701 /* AppDelegate.m */ = {isa = PBXFileReference; lastKnownFileType = sourcecode.c.objc; name = AppDelegate.m; path = Classes/AppDelegate.m; sourceTree = "<group>"; };
		A28DE36C1523C0D600B86701 /* MainViewController.h */ = {isa = PBXFileReference; lastKnownFileType = sourcecode.c.h; name = MainViewController.h; path = Classes/MainViewController.h; sourceTree = "<group>"; };
		A28DE36D1523C0D600B86701 /* MainViewController.m */ = {isa = PBXFileReference; lastKnownFileType = sourcecode.c.objc; name = MainViewController.m; path = Classes/MainViewController.m; sourceTree = "<group>"; };
		A28DE36F1523C0D600B86701 /* MainViewController.xib */ = {isa = PBXFileReference; lastKnownFileType = file.xib; name = MainViewController.xib; path = Classes/MainViewController.xib; sourceTree = "<group>"; };
		A28DE3721523C0D600B86701 /* README */ = {isa = PBXFileReference; lastKnownFileType = text; name = README; path = Plugins/README; sourceTree = "<group>"; };
		A28DE3731523C0D600B86701 /* verify.sh */ = {isa = PBXFileReference; lastKnownFileType = text.script.sh; path = verify.sh; sourceTree = "<group>"; };
		A28DE37A1523C2B400B86701 /* www */ = {isa = PBXFileReference; lastKnownFileType = folder; path = www; sourceTree = "<group>"; };
		A28DE37C1523C70900B86701 /* SyncPlugin.h */ = {isa = PBXFileReference; fileEncoding = 4; lastKnownFileType = sourcecode.c.h; path = SyncPlugin.h; sourceTree = "<group>"; };
		A28DE37D1523C70900B86701 /* SyncPlugin.m */ = {isa = PBXFileReference; fileEncoding = 4; lastKnownFileType = sourcecode.c.objc; path = SyncPlugin.m; sourceTree = "<group>"; };
		A28DE386152510AF00B86701 /* CFNetwork.framework */ = {isa = PBXFileReference; lastKnownFileType = wrapper.framework; name = CFNetwork.framework; path = System/Library/Frameworks/CFNetwork.framework; sourceTree = SDKROOT; };
		A28DE388152510C800B86701 /* CoreData.framework */ = {isa = PBXFileReference; lastKnownFileType = wrapper.framework; name = CoreData.framework; path = System/Library/Frameworks/CoreData.framework; sourceTree = SDKROOT; };
		A28DE38A1525112200B86701 /* libmobilecloudlib.a */ = {isa = PBXFileReference; lastKnownFileType = archive.ar; name = libmobilecloudlib.a; path = "../mobilecloudlib/build/Debug-iphonesimulator/libmobilecloudlib.a"; sourceTree = "<group>"; };
		A28DE39F152516AC00B86701 /* openmobster-app.xml */ = {isa = PBXFileReference; fileEncoding = 4; lastKnownFileType = text.xml; path = "openmobster-app.xml"; sourceTree = "<group>"; };
		A28DE3A21526057E00B86701 /* NSObject+SBJSON.h */ = {isa = PBXFileReference; fileEncoding = 4; lastKnownFileType = sourcecode.c.h; path = "NSObject+SBJSON.h"; sourceTree = "<group>"; };
		A28DE3A31526057E00B86701 /* NSObject+SBJSON.m */ = {isa = PBXFileReference; fileEncoding = 4; lastKnownFileType = sourcecode.c.objc; path = "NSObject+SBJSON.m"; sourceTree = "<group>"; };
		A28DE3A41526057E00B86701 /* NSString+SBJSON.h */ = {isa = PBXFileReference; fileEncoding = 4; lastKnownFileType = sourcecode.c.h; path = "NSString+SBJSON.h"; sourceTree = "<group>"; };
		A28DE3A51526057E00B86701 /* NSString+SBJSON.m */ = {isa = PBXFileReference; fileEncoding = 4; lastKnownFileType = sourcecode.c.objc; path = "NSString+SBJSON.m"; sourceTree = "<group>"; };
		A28DE3A61526057E00B86701 /* SBJsonBase.h */ = {isa = PBXFileReference; fileEncoding = 4; lastKnownFileType = sourcecode.c.h; path = SBJsonBase.h; sourceTree = "<group>"; };
		A28DE3A71526057E00B86701 /* SBJsonBase.m */ = {isa = PBXFileReference; fileEncoding = 4; lastKnownFileType = sourcecode.c.objc; path = SBJsonBase.m; sourceTree = "<group>"; };
		A28DE3A81526057E00B86701 /* SBJsonParser.h */ = {isa = PBXFileReference; fileEncoding = 4; lastKnownFileType = sourcecode.c.h; path = SBJsonParser.h; sourceTree = "<group>"; };
		A28DE3A91526057E00B86701 /* SBJsonParser.m */ = {isa = PBXFileReference; fileEncoding = 4; lastKnownFileType = sourcecode.c.objc; path = SBJsonParser.m; sourceTree = "<group>"; };
		A28DE3AA1526057E00B86701 /* SBJsonWriter.h */ = {isa = PBXFileReference; fileEncoding = 4; lastKnownFileType = sourcecode.c.h; path = SBJsonWriter.h; sourceTree = "<group>"; };
		A28DE3AB1526057E00B86701 /* SBJsonWriter.m */ = {isa = PBXFileReference; fileEncoding = 4; lastKnownFileType = sourcecode.c.objc; path = SBJsonWriter.m; sourceTree = "<group>"; };
/* End PBXFileReference section */

/* Begin PBXFrameworksBuildPhase section */
		A28DE3181523C0D500B86701 /* Frameworks */ = {
			isa = PBXFrameworksBuildPhase;
			buildActionMask = 2147483647;
			files = (
				A28DE38B1525112200B86701 /* libmobilecloudlib.a in Frameworks */,
				A28DE389152510C800B86701 /* CoreData.framework in Frameworks */,
				A28DE387152510AF00B86701 /* CFNetwork.framework in Frameworks */,
				A28DE3231523C0D500B86701 /* Foundation.framework in Frameworks */,
				A28DE3251523C0D500B86701 /* UIKit.framework in Frameworks */,
				A28DE3271523C0D500B86701 /* CoreGraphics.framework in Frameworks */,
				A28DE3291523C0D500B86701 /* AddressBook.framework in Frameworks */,
				A28DE32B1523C0D500B86701 /* AddressBookUI.framework in Frameworks */,
				A28DE32D1523C0D500B86701 /* AudioToolbox.framework in Frameworks */,
				A28DE32F1523C0D500B86701 /* AVFoundation.framework in Frameworks */,
				A28DE3311523C0D500B86701 /* CoreLocation.framework in Frameworks */,
				A28DE3331523C0D500B86701 /* MediaPlayer.framework in Frameworks */,
				A28DE3351523C0D500B86701 /* QuartzCore.framework in Frameworks */,
				A28DE3371523C0D500B86701 /* SystemConfiguration.framework in Frameworks */,
				A28DE3391523C0D500B86701 /* MobileCoreServices.framework in Frameworks */,
				A28DE33B1523C0D500B86701 /* CoreMedia.framework in Frameworks */,
				A28DE3461523C0D500B86701 /* Cordova.framework in Frameworks */,
			);
			runOnlyForDeploymentPostprocessing = 0;
		};
		A28DE31B1523C0D500B86701 /* Frameworks */ = {
			isa = PBXFrameworksBuildPhase;
			buildActionMask = 2147483647;
			files = (
			);
			runOnlyForDeploymentPostprocessing = 0;
		};
/* End PBXFrameworksBuildPhase section */

/* Begin PBXGroup section */
		A28DE3101523C0D500B86701 = {
			isa = PBXGroup;
			children = (
				A28DE3A1152604AC00B86701 /* json */,
				A28DE38115250DFD00B86701 /* OpenMobster */,
				A28DE37A1523C2B400B86701 /* www */,
				A28DE33C1523C0D500B86701 /* PhoneGapSyncPlugin */,
				A28DE3211523C0D500B86701 /* Frameworks */,
				A28DE31F1523C0D500B86701 /* Products */,
			);
			sourceTree = "<group>";
		};
		A28DE31F1523C0D500B86701 /* Products */ = {
			isa = PBXGroup;
			children = (
				A28DE31E1523C0D500B86701 /* PhoneGapSyncPlugin.app */,
			);
			name = Products;
			sourceTree = "<group>";
		};
		A28DE3211523C0D500B86701 /* Frameworks */ = {
			isa = PBXGroup;
			children = (
				A28DE388152510C800B86701 /* CoreData.framework */,
				A28DE386152510AF00B86701 /* CFNetwork.framework */,
				A28DE3221523C0D500B86701 /* Foundation.framework */,
				A28DE3241523C0D500B86701 /* UIKit.framework */,
				A28DE3261523C0D500B86701 /* CoreGraphics.framework */,
				A28DE3281523C0D500B86701 /* AddressBook.framework */,
				A28DE32A1523C0D500B86701 /* AddressBookUI.framework */,
				A28DE32C1523C0D500B86701 /* AudioToolbox.framework */,
				A28DE32E1523C0D500B86701 /* AVFoundation.framework */,
				A28DE3301523C0D500B86701 /* CoreLocation.framework */,
				A28DE3321523C0D500B86701 /* MediaPlayer.framework */,
				A28DE3341523C0D500B86701 /* QuartzCore.framework */,
				A28DE3361523C0D500B86701 /* SystemConfiguration.framework */,
				A28DE3381523C0D500B86701 /* MobileCoreServices.framework */,
				A28DE33A1523C0D500B86701 /* CoreMedia.framework */,
			);
			name = Frameworks;
			sourceTree = "<group>";
		};
		A28DE33C1523C0D500B86701 /* PhoneGapSyncPlugin */ = {
			isa = PBXGroup;
			children = (
				A28DE3451523C0D500B86701 /* Cordova.framework */,
				A28DE3471523C0D500B86701 /* Resources */,
				A28DE3681523C0D600B86701 /* Classes */,
				A28DE3711523C0D600B86701 /* Plugins */,
				A28DE33D1523C0D500B86701 /* Supporting Files */,
			);
			path = PhoneGapSyncPlugin;
			sourceTree = "<group>";
		};
		A28DE33D1523C0D500B86701 /* Supporting Files */ = {
			isa = PBXGroup;
			children = (
				A28DE33E1523C0D500B86701 /* PhoneGapSyncPlugin-Info.plist */,
				A28DE33F1523C0D500B86701 /* InfoPlist.strings */,
				A28DE3421523C0D500B86701 /* main.m */,
				A28DE3441523C0D500B86701 /* PhoneGapSyncPlugin-Prefix.pch */,
				A28DE3661523C0D600B86701 /* Cordova.plist */,
				A28DE36F1523C0D600B86701 /* MainViewController.xib */,
				A28DE3731523C0D600B86701 /* verify.sh */,
			);
			name = "Supporting Files";
			sourceTree = "<group>";
		};
		A28DE3471523C0D500B86701 /* Resources */ = {
			isa = PBXGroup;
			children = (
				A28DE3641523C0D600B86701 /* Capture.bundle */,
				A28DE3481523C0D500B86701 /* en.lproj */,
				A28DE34C1523C0D500B86701 /* es.lproj */,
				A28DE3501523C0D500B86701 /* de.lproj */,
				A28DE3541523C0D500B86701 /* se.lproj */,
				A28DE3581523C0D500B86701 /* icons */,
				A28DE35F1523C0D500B86701 /* splash */,
			);
			name = Resources;
			sourceTree = "<group>";
		};
		A28DE3481523C0D500B86701 /* en.lproj */ = {
			isa = PBXGroup;
			children = (
				A28DE3491523C0D500B86701 /* Localizable.strings */,
			);
			name = en.lproj;
			sourceTree = "<group>";
		};
		A28DE34C1523C0D500B86701 /* es.lproj */ = {
			isa = PBXGroup;
			children = (
				A28DE34D1523C0D500B86701 /* Localizable.strings */,
			);
			name = es.lproj;
			sourceTree = "<group>";
		};
		A28DE3501523C0D500B86701 /* de.lproj */ = {
			isa = PBXGroup;
			children = (
				A28DE3511523C0D500B86701 /* Localizable.strings */,
			);
			name = de.lproj;
			sourceTree = "<group>";
		};
		A28DE3541523C0D500B86701 /* se.lproj */ = {
			isa = PBXGroup;
			children = (
				A28DE3551523C0D500B86701 /* Localizable.strings */,
			);
			name = se.lproj;
			sourceTree = "<group>";
		};
		A28DE3581523C0D500B86701 /* icons */ = {
			isa = PBXGroup;
			children = (
				A28DE3591523C0D500B86701 /* icon.png */,
				A28DE35B1523C0D500B86701 /* icon@2x.png */,
				A28DE35D1523C0D500B86701 /* icon-72.png */,
			);
			name = icons;
			sourceTree = "<group>";
		};
		A28DE35F1523C0D500B86701 /* splash */ = {
			isa = PBXGroup;
			children = (
				A28DE3601523C0D500B86701 /* Default.png */,
				A28DE3621523C0D500B86701 /* Default@2x.png */,
			);
			name = splash;
			sourceTree = "<group>";
		};
		A28DE3681523C0D600B86701 /* Classes */ = {
			isa = PBXGroup;
			children = (
				A28DE3691523C0D600B86701 /* AppDelegate.h */,
				A28DE36A1523C0D600B86701 /* AppDelegate.m */,
				A28DE36C1523C0D600B86701 /* MainViewController.h */,
				A28DE36D1523C0D600B86701 /* MainViewController.m */,
			);
			name = Classes;
			sourceTree = "<group>";
		};
		A28DE3711523C0D600B86701 /* Plugins */ = {
			isa = PBXGroup;
			children = (
				A28DE3721523C0D600B86701 /* README */,
				A28DE37C1523C70900B86701 /* SyncPlugin.h */,
				A28DE37D1523C70900B86701 /* SyncPlugin.m */,
			);
			name = Plugins;
			sourceTree = "<group>";
		};
		A28DE38115250DFD00B86701 /* OpenMobster */ = {
			isa = PBXGroup;
			children = (
				A28DE38A1525112200B86701 /* libmobilecloudlib.a */,
				A28DE38515250F4700B86701 /* Resources */,
			);
			name = OpenMobster;
			sourceTree = "<group>";
		};
		A28DE38515250F4700B86701 /* Resources */ = {
			isa = PBXGroup;
			children = (
				A242EA5115FAAAAD0092AFA4 /* ManualSyncMenuController.xib */,
				A242EA5215FAAAAD0092AFA4 /* ManualSyncController.xib */,
				A242EA5315FAAAAD0092AFA4 /* SecurityConfig.xib */,
				A242EA5415FAAAAD0092AFA4 /* ModalActivateDevice.xib */,
				A242EA5515FAAAAD0092AFA4 /* configuration.xcdatamodel */,
				A242EA5615FAAAAE0092AFA4 /* sync.xcdatamodel */,
				A242EA5715FAAAAE0092AFA4 /* mobileobject.xcdatamodel */,
				A242EA5815FAAAAE0092AFA4 /* ActivateDeviceCloudInfo.xib */,
				A242EA5915FAAAAE0092AFA4 /* CloudManagerApp.xib */,
				A242EA5A15FAAAAE0092AFA4 /* ActivityIndicatorView.xib */,
				A28DE39F152516AC00B86701 /* openmobster-app.xml */,
			);
			name = Resources;
			sourceTree = "<group>";
		};
		A28DE3A1152604AC00B86701 /* json */ = {
			isa = PBXGroup;
			children = (
				A28DE3A21526057E00B86701 /* NSObject+SBJSON.h */,
				A28DE3A31526057E00B86701 /* NSObject+SBJSON.m */,
				A28DE3A41526057E00B86701 /* NSString+SBJSON.h */,
				A28DE3A51526057E00B86701 /* NSString+SBJSON.m */,
				A28DE3A61526057E00B86701 /* SBJsonBase.h */,
				A28DE3A71526057E00B86701 /* SBJsonBase.m */,
				A28DE3A81526057E00B86701 /* SBJsonParser.h */,
				A28DE3A91526057E00B86701 /* SBJsonParser.m */,
				A28DE3AA1526057E00B86701 /* SBJsonWriter.h */,
				A28DE3AB1526057E00B86701 /* SBJsonWriter.m */,
			);
			name = json;
			sourceTree = "<group>";
		};
/* End PBXGroup section */

/* Begin PBXNativeTarget section */
		A28DE31D1523C0D500B86701 /* PhoneGapSyncPlugin */ = {
			isa = PBXNativeTarget;
			buildConfigurationList = A28DE3771523C0D600B86701 /* Build configuration list for PBXNativeTarget "PhoneGapSyncPlugin" */;
			buildPhases = (
				A28DE3171523C0D500B86701 /* Sources */,
				A28DE3181523C0D500B86701 /* Frameworks */,
				A28DE3191523C0D500B86701 /* Resources */,
				A28DE31A1523C0D500B86701 /* Sources */,
				A28DE31B1523C0D500B86701 /* Frameworks */,
				A28DE31C1523C0D500B86701 /* ShellScript */,
			);
			buildRules = (
			);
			dependencies = (
			);
			name = PhoneGapSyncPlugin;
			productName = PhoneGapSyncPlugin;
			productReference = A28DE31E1523C0D500B86701 /* PhoneGapSyncPlugin.app */;
			productType = "com.apple.product-type.application";
		};
/* End PBXNativeTarget section */

/* Begin PBXProject section */
		A28DE3121523C0D500B86701 /* Project object */ = {
			isa = PBXProject;
			attributes = {
				LastUpgradeCheck = 0420;
			};
			buildConfigurationList = A28DE3151523C0D500B86701 /* Build configuration list for PBXProject "PhoneGapSyncPlugin" */;
			compatibilityVersion = "Xcode 3.2";
			developmentRegion = English;
			hasScannedForEncodings = 0;
			knownRegions = (
				en,
				es,
				de,
				se,
			);
			mainGroup = A28DE3101523C0D500B86701;
			productRefGroup = A28DE31F1523C0D500B86701 /* Products */;
			projectDirPath = "";
			projectRoot = "";
			targets = (
				A28DE31D1523C0D500B86701 /* PhoneGapSyncPlugin */,
			);
		};
/* End PBXProject section */

/* Begin PBXResourcesBuildPhase section */
		A28DE3191523C0D500B86701 /* Resources */ = {
			isa = PBXResourcesBuildPhase;
			buildActionMask = 2147483647;
			files = (
				A28DE3411523C0D500B86701 /* InfoPlist.strings in Resources */,
				A28DE34B1523C0D500B86701 /* Localizable.strings in Resources */,
				A28DE34F1523C0D500B86701 /* Localizable.strings in Resources */,
				A28DE3531523C0D500B86701 /* Localizable.strings in Resources */,
				A28DE3571523C0D500B86701 /* Localizable.strings in Resources */,
				A28DE35A1523C0D500B86701 /* icon.png in Resources */,
				A28DE35C1523C0D500B86701 /* icon@2x.png in Resources */,
				A28DE35E1523C0D500B86701 /* icon-72.png in Resources */,
				A28DE3611523C0D500B86701 /* Default.png in Resources */,
				A28DE3631523C0D500B86701 /* Default@2x.png in Resources */,
				A28DE3651523C0D600B86701 /* Capture.bundle in Resources */,
				A28DE3671523C0D600B86701 /* Cordova.plist in Resources */,
				A28DE3701523C0D600B86701 /* MainViewController.xib in Resources */,
				A28DE3741523C0D600B86701 /* verify.sh in Resources */,
				A28DE37B1523C2B400B86701 /* www in Resources */,
				A28DE3A0152516AC00B86701 /* openmobster-app.xml in Resources */,
				A242EA5B15FAAAAF0092AFA4 /* ManualSyncMenuController.xib in Resources */,
				A242EA5C15FAAAAF0092AFA4 /* ManualSyncController.xib in Resources */,
				A242EA5D15FAAAAF0092AFA4 /* SecurityConfig.xib in Resources */,
				A242EA5E15FAAAAF0092AFA4 /* ModalActivateDevice.xib in Resources */,
				A242EA6215FAAAAF0092AFA4 /* ActivateDeviceCloudInfo.xib in Resources */,
				A242EA6315FAAAAF0092AFA4 /* CloudManagerApp.xib in Resources */,
				A242EA6415FAAAAF0092AFA4 /* ActivityIndicatorView.xib in Resources */,
			);
			runOnlyForDeploymentPostprocessing = 0;
		};
/* End PBXResourcesBuildPhase section */

/* Begin PBXShellScriptBuildPhase section */
		A28DE31C1523C0D500B86701 /* ShellScript */ = {
			isa = PBXShellScriptBuildPhase;
			buildActionMask = 2147483647;
			files = (
			);
			inputPaths = (
			);
			outputPaths = (
			);
			runOnlyForDeploymentPostprocessing = 0;
			shellPath = /bin/bash;
			shellScript = "\n\t\t\t\t\t\t\t\tchmod 755 $PROJECT_DIR/$PROJECT_NAME/verify.sh\n\t\t\t\t\t\t\t\t$PROJECT_DIR/$PROJECT_NAME/verify.sh\n\t\t\t\t\t";
		};
/* End PBXShellScriptBuildPhase section */

/* Begin PBXSourcesBuildPhase section */
		A28DE3171523C0D500B86701 /* Sources */ = {
			isa = PBXSourcesBuildPhase;
			buildActionMask = 2147483647;
			files = (
				A28DE3431523C0D500B86701 /* main.m in Sources */,
				A28DE36B1523C0D600B86701 /* AppDelegate.m in Sources */,
				A28DE36E1523C0D600B86701 /* MainViewController.m in Sources */,
				A28DE37E1523C70900B86701 /* SyncPlugin.m in Sources */,
				A28DE3AC1526057E00B86701 /* NSObject+SBJSON.m in Sources */,
				A28DE3AD1526057E00B86701 /* NSString+SBJSON.m in Sources */,
				A28DE3AE1526057E00B86701 /* SBJsonBase.m in Sources */,
				A28DE3AF1526057E00B86701 /* SBJsonParser.m in Sources */,
				A28DE3B01526057E00B86701 /* SBJsonWriter.m in Sources */,
				A242EA5F15FAAAAF0092AFA4 /* configuration.xcdatamodel in Sources */,
				A242EA6015FAAAAF0092AFA4 /* sync.xcdatamodel in Sources */,
				A242EA6115FAAAAF0092AFA4 /* mobileobject.xcdatamodel in Sources */,
			);
			runOnlyForDeploymentPostprocessing = 0;
		};
		A28DE31A1523C0D500B86701 /* Sources */ = {
			isa = PBXSourcesBuildPhase;
			buildActionMask = 2147483647;
			files = (
			);
			runOnlyForDeploymentPostprocessing = 0;
		};
/* End PBXSourcesBuildPhase section */

/* Begin PBXVariantGroup section */
		A28DE33F1523C0D500B86701 /* InfoPlist.strings */ = {
			isa = PBXVariantGroup;
			children = (
				A28DE3401523C0D500B86701 /* en */,
			);
			name = InfoPlist.strings;
			sourceTree = "<group>";
		};
		A28DE3491523C0D500B86701 /* Localizable.strings */ = {
			isa = PBXVariantGroup;
			children = (
				A28DE34A1523C0D500B86701 /* en */,
			);
			name = Localizable.strings;
			sourceTree = "<group>";
		};
		A28DE34D1523C0D500B86701 /* Localizable.strings */ = {
			isa = PBXVariantGroup;
			children = (
				A28DE34E1523C0D500B86701 /* es */,
			);
			name = Localizable.strings;
			sourceTree = "<group>";
		};
		A28DE3511523C0D500B86701 /* Localizable.strings */ = {
			isa = PBXVariantGroup;
			children = (
				A28DE3521523C0D500B86701 /* de */,
			);
			name = Localizable.strings;
			sourceTree = "<group>";
		};
		A28DE3551523C0D500B86701 /* Localizable.strings */ = {
			isa = PBXVariantGroup;
			children = (
				A28DE3561523C0D500B86701 /* se */,
			);
			name = Localizable.strings;
			sourceTree = "<group>";
		};
/* End PBXVariantGroup section */

/* Begin XCBuildConfiguration section */
		A28DE3751523C0D600B86701 /* Debug */ = {
			isa = XCBuildConfiguration;
			buildSettings = {
				ALWAYS_SEARCH_USER_PATHS = NO;
				ARCHS = (
					armv6,
					"$(ARCHS_STANDARD_32_BIT)",
				);
				"CODE_SIGN_IDENTITY[sdk=iphoneos*]" = "iPhone Developer";
				COPY_PHASE_STRIP = NO;
				GCC_C_LANGUAGE_STANDARD = gnu99;
				GCC_DYNAMIC_NO_PIC = NO;
				GCC_OPTIMIZATION_LEVEL = 0;
				GCC_PREPROCESSOR_DEFINITIONS = (
					"DEBUG=1",
					"$(inherited)",
				);
				GCC_SYMBOLS_PRIVATE_EXTERN = NO;
				GCC_VERSION = com.apple.compilers.llvm.clang.1_0;
				GCC_WARN_ABOUT_MISSING_PROTOTYPES = YES;
				GCC_WARN_ABOUT_RETURN_TYPE = YES;
				GCC_WARN_UNUSED_VARIABLE = YES;
				IPHONEOS_DEPLOYMENT_TARGET = 3.0;
				SDKROOT = iphoneos;
			};
			name = Debug;
		};
		A28DE3761523C0D600B86701 /* Release */ = {
			isa = XCBuildConfiguration;
			buildSettings = {
				ALWAYS_SEARCH_USER_PATHS = NO;
				ARCHS = (
					armv6,
					"$(ARCHS_STANDARD_32_BIT)",
				);
				"CODE_SIGN_IDENTITY[sdk=iphoneos*]" = "iPhone Developer";
				COPY_PHASE_STRIP = YES;
				GCC_C_LANGUAGE_STANDARD = gnu99;
				GCC_VERSION = com.apple.compilers.llvm.clang.1_0;
				GCC_WARN_ABOUT_MISSING_PROTOTYPES = YES;
				GCC_WARN_ABOUT_RETURN_TYPE = YES;
				GCC_WARN_UNUSED_VARIABLE = YES;
				IPHONEOS_DEPLOYMENT_TARGET = 3.0;
				SDKROOT = iphoneos;
				VALIDATE_PRODUCT = YES;
			};
			name = Release;
		};
		A28DE3781523C0D600B86701 /* Debug */ = {
			isa = XCBuildConfiguration;
			buildSettings = {
				ALWAYS_SEARCH_USER_PATHS = YES;
				COPY_PHASE_STRIP = NO;
				FRAMEWORK_SEARCH_PATHS = /Users/Shared/Cordova/Frameworks;
				GCC_DYNAMIC_NO_PIC = NO;
				GCC_PRECOMPILE_PREFIX_HEADER = YES;
				GCC_PREFIX_HEADER = "PhoneGapSyncPlugin/PhoneGapSyncPlugin-Prefix.pch";
				GCC_PREPROCESSOR_DEFINITIONS = (
					"DEBUG=1,",
					"CORDOVA_FRAMEWORK=1",
				);
				HEADER_SEARCH_PATHS = "\"$(SRCROOT)/../mobilecloudlib\"/**";
				INFOPLIST_FILE = "PhoneGapSyncPlugin/PhoneGapSyncPlugin-Info.plist";
				LIBRARY_SEARCH_PATHS = (
					"$(inherited)",
					"\"$(SRCROOT)/../mobilecloudlib/build/Debug-iphonesimulator\"",
				);
				"LIBRARY_SEARCH_PATHS[arch=*]" = (
					"$(inherited)",
					"\"$(SRCROOT)/../mobilecloudlib/build/Debug-iphonesimulator\"",
				);
				OTHER_LDFLAGS = (
					"-weak_framework",
					UIKit,
					"-weak_framework",
					AVFoundation,
					"-weak_framework",
					CoreMedia,
					"-weak_library",
					/usr/lib/libSystem.B.dylib,
				);
				PRODUCT_NAME = "$(TARGET_NAME)";
				TARGETED_DEVICE_FAMILY = "1,2";
				WRAPPER_EXTENSION = app;
			};
			name = Debug;
		};
		A28DE3791523C0D600B86701 /* Release */ = {
			isa = XCBuildConfiguration;
			buildSettings = {
				ALWAYS_SEARCH_USER_PATHS = YES;
				COPY_PHASE_STRIP = YES;
				DEBUG_INFORMATION_FORMAT = "dwarf-with-dsym";
				FRAMEWORK_SEARCH_PATHS = /Users/Shared/Cordova/Frameworks;
				GCC_PRECOMPILE_PREFIX_HEADER = YES;
				GCC_PREFIX_HEADER = "PhoneGapSyncPlugin/PhoneGapSyncPlugin-Prefix.pch";
				GCC_PREPROCESSOR_DEFINITIONS = (
					"NDEBUG=1,",
					"CORDOVA_FRAMEWORK=1",
				);
				HEADER_SEARCH_PATHS = "\"$(SRCROOT)/../mobilecloudlib\"/**";
				INFOPLIST_FILE = "PhoneGapSyncPlugin/PhoneGapSyncPlugin-Info.plist";
				LIBRARY_SEARCH_PATHS = (
					"$(inherited)",
					"\"$(SRCROOT)/../mobilecloudlib/build/Debug-iphonesimulator\"",
				);
				OTHER_LDFLAGS = (
					"-weak_framework",
					UIKit,
					"-weak_framework",
					AVFoundation,
					"-weak_framework",
					CoreMedia,
					"-weak_library",
					/usr/lib/libSystem.B.dylib,
				);
				PRODUCT_NAME = "$(TARGET_NAME)";
				TARGETED_DEVICE_FAMILY = "1,2";
				VALIDATE_PRODUCT = YES;
				WRAPPER_EXTENSION = app;
			};
			name = Release;
		};
/* End XCBuildConfiguration section */

/* Begin XCConfigurationList section */
		A28DE3151523C0D500B86701 /* Build configuration list for PBXProject "PhoneGapSyncPlugin" */ = {
			isa = XCConfigurationList;
			buildConfigurations = (
				A28DE3751523C0D600B86701 /* Debug */,
				A28DE3761523C0D600B86701 /* Release */,
			);
			defaultConfigurationIsVisible = 0;
			defaultConfigurationName = Release;
		};
		A28DE3771523C0D600B86701 /* Build configuration list for PBXNativeTarget "PhoneGapSyncPlugin" */ = {
			isa = XCConfigurationList;
			buildConfigurations = (
				A28DE3781523C0D600B86701 /* Debug */,
				A28DE3791523C0D600B86701 /* Release */,
			);
			defaultConfigurationIsVisible = 0;
			defaultConfigurationName = Release;
		};
/* End XCConfigurationList section */
	};
	rootObject = A28DE3121523C0D500B86701 /* Project object */;
}
